// !$*UTF8*$!
{
	archiveVersion = 1;
	classes = {
	};
	objectVersion = 46;
	objects = {

/* Begin PBXBuildFile section */
		ACBB1FD41C05041600A63B9C /* Images.xcassets in Resources */ = {isa = PBXBuildFile; fileRef = 13B07FB51A68108700A75B9A /* Images.xcassets */; };
		ACBB20271C050C1100A63B9C /* AppDelegate.m in Sources */ = {isa = PBXBuildFile; fileRef = 13B07FB01A68108700A75B9A /* AppDelegate.m */; };
		ACBB20281C050C1900A63B9C /* main.m in Sources */ = {isa = PBXBuildFile; fileRef = 13B07FB71A68108700A75B9A /* main.m */; };
		ACBB202B1C050C6000A63B9C /* UIColor+TRColors.m in Sources */ = {isa = PBXBuildFile; fileRef = ACBB202A1C050C6000A63B9C /* UIColor+TRColors.m */; };
		ACBB20711C050D3D00A63B9C /* DeviceUtil.m in Sources */ = {isa = PBXBuildFile; fileRef = ACBB206B1C050D3D00A63B9C /* DeviceUtil.m */; };
		ACBB20741C050D5F00A63B9C /* RCTFileTransfer.m in Sources */ = {isa = PBXBuildFile; fileRef = ACBB1F271C0502B600A63B9C /* RCTFileTransfer.m */; };
		ACBB20751C050D6D00A63B9C /* ospermissions.m in Sources */ = {isa = PBXBuildFile; fileRef = ACBB1ECF1C0502B600A63B9C /* ospermissions.m */; };
		ACBB20761C050D7400A63B9C /* RCTPushNotificationManager.m in Sources */ = {isa = PBXBuildFile; fileRef = ACBB1FE71C05064300A63B9C /* RCTPushNotificationManager.m */; };
		ACBB20771C050D8F00A63B9C /* BlurView.m in Sources */ = {isa = PBXBuildFile; fileRef = ACBB1F021C0502B600A63B9C /* BlurView.m */; };
		ACBB20781C050D8F00A63B9C /* BlurViewManager.m in Sources */ = {isa = PBXBuildFile; fileRef = ACBB1F041C0502B600A63B9C /* BlurViewManager.m */; };
		ACBB20791C050D8F00A63B9C /* VibrancyView.m in Sources */ = {isa = PBXBuildFile; fileRef = ACBB1F071C0502B600A63B9C /* VibrancyView.m */; };
		ACBB207A1C050D8F00A63B9C /* VibrancyViewManager.m in Sources */ = {isa = PBXBuildFile; fileRef = ACBB1F091C0502B600A63B9C /* VibrancyViewManager.m */; };
		ACBB207B1C050D9900A63B9C /* RCTFBLogin.m in Sources */ = {isa = PBXBuildFile; fileRef = ACBB1F1E1C0502B600A63B9C /* RCTFBLogin.m */; };
		ACBB207C1C050D9900A63B9C /* RCTFBLoginManager.m in Sources */ = {isa = PBXBuildFile; fileRef = ACBB1F201C0502B600A63B9C /* RCTFBLoginManager.m */; };
		ACBB207D1C050DA300A63B9C /* RNKeychainManager.m in Sources */ = {isa = PBXBuildFile; fileRef = ACBB1F3D1C0502B600A63B9C /* RNKeychainManager.m */; };
		ACBB207E1C050DAF00A63B9C /* RNClickThroughWindow.m in Sources */ = {isa = PBXBuildFile; fileRef = ACBB1F431C0502B600A63B9C /* RNClickThroughWindow.m */; };
		ACBB207F1C050DAF00A63B9C /* RNOverlay.m in Sources */ = {isa = PBXBuildFile; fileRef = ACBB1F451C0502B600A63B9C /* RNOverlay.m */; };
		ACBB20801C050DAF00A63B9C /* RNOverlayManager.m in Sources */ = {isa = PBXBuildFile; fileRef = ACBB1F4A1C0502B600A63B9C /* RNOverlayManager.m */; };
		ACBB20811C050DB600A63B9C /* EXURLHandler.m in Sources */ = {isa = PBXBuildFile; fileRef = ACBB1F511C0502B600A63B9C /* EXURLHandler.m */; };
		ACBB20831C050E7C00A63B9C /* libRCTActionSheet.a in Frameworks */ = {isa = PBXBuildFile; fileRef = 00C302AC1ABCB8CE00DB3ED1 /* libRCTActionSheet.a */; };
		ACBB20841C050E7C00A63B9C /* libRCTAddressBook.a in Frameworks */ = {isa = PBXBuildFile; fileRef = ACBB20441C050CF100A63B9C /* libRCTAddressBook.a */; };
		ACBB20861C050E7C00A63B9C /* libRCTCameraRoll.a in Frameworks */ = {isa = PBXBuildFile; fileRef = ACBB204C1C050CF100A63B9C /* libRCTCameraRoll.a */; };
		ACBB20881C050E7C00A63B9C /* libRCTGeolocation.a in Frameworks */ = {isa = PBXBuildFile; fileRef = 00C302BA1ABCB90400DB3ED1 /* libRCTGeolocation.a */; };
		ACBB20891C050E7C00A63B9C /* libRCTImage.a in Frameworks */ = {isa = PBXBuildFile; fileRef = 00C302C01ABCB91800DB3ED1 /* libRCTImage.a */; };
		ACBB208A1C050E7C00A63B9C /* libRCTLinking.a in Frameworks */ = {isa = PBXBuildFile; fileRef = 78C398B91ACF4ADC00677621 /* libRCTLinking.a */; };
		ACBB208B1C050E7C00A63B9C /* libRCTNetwork.a in Frameworks */ = {isa = PBXBuildFile; fileRef = 00C302DC1ABCB9D200DB3ED1 /* libRCTNetwork.a */; };
		ACBB208E1C050E7C00A63B9C /* libRCTSettings.a in Frameworks */ = {isa = PBXBuildFile; fileRef = 139105C11AF99BAD00B5F7CC /* libRCTSettings.a */; };
		ACBB208F1C050E7C00A63B9C /* libRCTText.a in Frameworks */ = {isa = PBXBuildFile; fileRef = 832341B51AAA6A8300B99B32 /* libRCTText.a */; };
		ACBB20901C050E7C00A63B9C /* libRCTVibration.a in Frameworks */ = {isa = PBXBuildFile; fileRef = 00C302E41ABCB9EE00DB3ED1 /* libRCTVibration.a */; };
		ACBB20911C050E7C00A63B9C /* libRCTWebSocket.a in Frameworks */ = {isa = PBXBuildFile; fileRef = 139FDEF41B06529B00C62182 /* libRCTWebSocket.a */; };
		ACBB20921C050E7C00A63B9C /* libReact.a in Frameworks */ = {isa = PBXBuildFile; fileRef = 146834041AC3E56700842450 /* libReact.a */; };
		ACBB20931C050E7C00A63B9C /* libRNAppInfo.a in Frameworks */ = {isa = PBXBuildFile; fileRef = ACBB20501C050CF100A63B9C /* libRNAppInfo.a */; };
		ACBB20941C050E7C00A63B9C /* libRNFS.a in Frameworks */ = {isa = PBXBuildFile; fileRef = ACBB20551C050CF100A63B9C /* libRNFS.a */; };
		ACBB20961C050E7C00A63B9C /* libRNMail.a in Frameworks */ = {isa = PBXBuildFile; fileRef = ACBB20591C050CF100A63B9C /* libRNMail.a */; };
		ACBB20971C050E7C00A63B9C /* libRNMessageComposer.a in Frameworks */ = {isa = PBXBuildFile; fileRef = ACBB205E1C050CF100A63B9C /* libRNMessageComposer.a */; };
		ACBB20991C050E8400A63B9C /* AssetsLibrary.framework in Frameworks */ = {isa = PBXBuildFile; fileRef = ACBB1FDB1C0505D700A63B9C /* AssetsLibrary.framework */; };
		ACBB209A1C050E8A00A63B9C /* CoreFoundation.framework in Frameworks */ = {isa = PBXBuildFile; fileRef = ACBB1FDD1C0505DF00A63B9C /* CoreFoundation.framework */; };
		ACBB209B1C050E9400A63B9C /* Bolts.framework in Frameworks */ = {isa = PBXBuildFile; fileRef = ACBB1F111C0502B600A63B9C /* Bolts.framework */; };
		ACBB209C1C050E9400A63B9C /* FBSDKCoreKit.framework in Frameworks */ = {isa = PBXBuildFile; fileRef = ACBB1F121C0502B600A63B9C /* FBSDKCoreKit.framework */; };
		ACBB209D1C050E9400A63B9C /* FBSDKLoginKit.framework in Frameworks */ = {isa = PBXBuildFile; fileRef = ACBB1F131C0502B600A63B9C /* FBSDKLoginKit.framework */; };
		ACBB209E1C050E9400A63B9C /* FBSDKShareKit.framework in Frameworks */ = {isa = PBXBuildFile; fileRef = ACBB1F141C0502B600A63B9C /* FBSDKShareKit.framework */; };
		ACBB209F1C0510E200A63B9C /* libRCTCamera.a in Frameworks */ = {isa = PBXBuildFile; fileRef = ACBB20491C050CF100A63B9C /* libRCTCamera.a */; };
		ACBB20A71C05113400A63B9C /* Montserrat-Bold.ttf in Resources */ = {isa = PBXBuildFile; fileRef = ACBB20A11C05113400A63B9C /* Montserrat-Bold.ttf */; };
		ACBB20A81C05113400A63B9C /* Montserrat-Regular.otf in Resources */ = {isa = PBXBuildFile; fileRef = ACBB20A21C05113400A63B9C /* Montserrat-Regular.otf */; };
		ACBB20A91C05113400A63B9C /* omnes-bold-webfont.ttf in Resources */ = {isa = PBXBuildFile; fileRef = ACBB20A31C05113400A63B9C /* omnes-bold-webfont.ttf */; };
		ACBB20AA1C05113400A63B9C /* omnes-light-webfont.ttf in Resources */ = {isa = PBXBuildFile; fileRef = ACBB20A41C05113400A63B9C /* omnes-light-webfont.ttf */; };
		ACBB20AB1C05113400A63B9C /* omnes-medium-webfont.ttf in Resources */ = {isa = PBXBuildFile; fileRef = ACBB20A51C05113400A63B9C /* omnes-medium-webfont.ttf */; };
		ACBB20AC1C05113400A63B9C /* omnes-regular-webfont.ttf in Resources */ = {isa = PBXBuildFile; fileRef = ACBB20A61C05113400A63B9C /* omnes-regular-webfont.ttf */; };
		ACBB20AF1C051AE100A63B9C /* RNClickThroughWindow.m in Sources */ = {isa = PBXBuildFile; fileRef = ACBB1F431C0502B600A63B9C /* RNClickThroughWindow.m */; };
		ACBB20B01C051AE100A63B9C /* RCTFileTransfer.m in Sources */ = {isa = PBXBuildFile; fileRef = ACBB1F271C0502B600A63B9C /* RCTFileTransfer.m */; };
		ACBB20B11C051AE100A63B9C /* RCTFBLogin.m in Sources */ = {isa = PBXBuildFile; fileRef = ACBB1F1E1C0502B600A63B9C /* RCTFBLogin.m */; };
		ACBB20B21C051AE100A63B9C /* BlurViewManager.m in Sources */ = {isa = PBXBuildFile; fileRef = ACBB1F041C0502B600A63B9C /* BlurViewManager.m */; };
		ACBB20B31C051AE100A63B9C /* RNKeychainManager.m in Sources */ = {isa = PBXBuildFile; fileRef = ACBB1F3D1C0502B600A63B9C /* RNKeychainManager.m */; };
		ACBB20B41C051AE100A63B9C /* UIColor+TRColors.m in Sources */ = {isa = PBXBuildFile; fileRef = ACBB202A1C050C6000A63B9C /* UIColor+TRColors.m */; };
		ACBB20B51C051AE100A63B9C /* ospermissions.m in Sources */ = {isa = PBXBuildFile; fileRef = ACBB1ECF1C0502B600A63B9C /* ospermissions.m */; };
		ACBB20B61C051AE100A63B9C /* VibrancyView.m in Sources */ = {isa = PBXBuildFile; fileRef = ACBB1F071C0502B600A63B9C /* VibrancyView.m */; };
		ACBB20B71C051AE100A63B9C /* RNOverlay.m in Sources */ = {isa = PBXBuildFile; fileRef = ACBB1F451C0502B600A63B9C /* RNOverlay.m */; };
		ACBB20B81C051AE100A63B9C /* VibrancyViewManager.m in Sources */ = {isa = PBXBuildFile; fileRef = ACBB1F091C0502B600A63B9C /* VibrancyViewManager.m */; };
		ACBB20B91C051AE100A63B9C /* DeviceUtil.m in Sources */ = {isa = PBXBuildFile; fileRef = ACBB206B1C050D3D00A63B9C /* DeviceUtil.m */; };
		ACBB20BA1C051AE100A63B9C /* main.m in Sources */ = {isa = PBXBuildFile; fileRef = 13B07FB71A68108700A75B9A /* main.m */; };
		ACBB20BB1C051AE100A63B9C /* RCTFBLoginManager.m in Sources */ = {isa = PBXBuildFile; fileRef = ACBB1F201C0502B600A63B9C /* RCTFBLoginManager.m */; };
		ACBB20BC1C051AE100A63B9C /* BlurView.m in Sources */ = {isa = PBXBuildFile; fileRef = ACBB1F021C0502B600A63B9C /* BlurView.m */; };
		ACBB20BD1C051AE100A63B9C /* RCTPushNotificationManager.m in Sources */ = {isa = PBXBuildFile; fileRef = ACBB1FE71C05064300A63B9C /* RCTPushNotificationManager.m */; };
		ACBB20BE1C051AE100A63B9C /* RNOverlayManager.m in Sources */ = {isa = PBXBuildFile; fileRef = ACBB1F4A1C0502B600A63B9C /* RNOverlayManager.m */; };
		ACBB20BF1C051AE100A63B9C /* AppDelegate.m in Sources */ = {isa = PBXBuildFile; fileRef = 13B07FB01A68108700A75B9A /* AppDelegate.m */; };
		ACBB20C01C051AE100A63B9C /* EXURLHandler.m in Sources */ = {isa = PBXBuildFile; fileRef = ACBB1F511C0502B600A63B9C /* EXURLHandler.m */; };
		ACBB20C21C051AE100A63B9C /* libRCTCamera.a in Frameworks */ = {isa = PBXBuildFile; fileRef = ACBB20491C050CF100A63B9C /* libRCTCamera.a */; };
		ACBB20C31C051AE100A63B9C /* CoreFoundation.framework in Frameworks */ = {isa = PBXBuildFile; fileRef = ACBB1FDD1C0505DF00A63B9C /* CoreFoundation.framework */; };
		ACBB20C41C051AE100A63B9C /* AssetsLibrary.framework in Frameworks */ = {isa = PBXBuildFile; fileRef = ACBB1FDB1C0505D700A63B9C /* AssetsLibrary.framework */; };
		ACBB20C51C051AE100A63B9C /* libRCTActionSheet.a in Frameworks */ = {isa = PBXBuildFile; fileRef = 00C302AC1ABCB8CE00DB3ED1 /* libRCTActionSheet.a */; };
		ACBB20C61C051AE100A63B9C /* libRCTAddressBook.a in Frameworks */ = {isa = PBXBuildFile; fileRef = ACBB20441C050CF100A63B9C /* libRCTAddressBook.a */; };
		ACBB20C71C051AE100A63B9C /* libRCTCameraRoll.a in Frameworks */ = {isa = PBXBuildFile; fileRef = ACBB204C1C050CF100A63B9C /* libRCTCameraRoll.a */; };
		ACBB20C81C051AE100A63B9C /* Bolts.framework in Frameworks */ = {isa = PBXBuildFile; fileRef = ACBB1F111C0502B600A63B9C /* Bolts.framework */; };
		ACBB20C91C051AE100A63B9C /* libRCTGeolocation.a in Frameworks */ = {isa = PBXBuildFile; fileRef = 00C302BA1ABCB90400DB3ED1 /* libRCTGeolocation.a */; };
		ACBB20CA1C051AE100A63B9C /* libRCTImage.a in Frameworks */ = {isa = PBXBuildFile; fileRef = 00C302C01ABCB91800DB3ED1 /* libRCTImage.a */; };
		ACBB20CB1C051AE100A63B9C /* libRCTLinking.a in Frameworks */ = {isa = PBXBuildFile; fileRef = 78C398B91ACF4ADC00677621 /* libRCTLinking.a */; };
		ACBB20CC1C051AE100A63B9C /* libRCTNetwork.a in Frameworks */ = {isa = PBXBuildFile; fileRef = 00C302DC1ABCB9D200DB3ED1 /* libRCTNetwork.a */; };
		ACBB20CD1C051AE100A63B9C /* FBSDKShareKit.framework in Frameworks */ = {isa = PBXBuildFile; fileRef = ACBB1F141C0502B600A63B9C /* FBSDKShareKit.framework */; };
		ACBB20CE1C051AE100A63B9C /* libRCTSettings.a in Frameworks */ = {isa = PBXBuildFile; fileRef = 139105C11AF99BAD00B5F7CC /* libRCTSettings.a */; };
		ACBB20CF1C051AE100A63B9C /* FBSDKCoreKit.framework in Frameworks */ = {isa = PBXBuildFile; fileRef = ACBB1F121C0502B600A63B9C /* FBSDKCoreKit.framework */; };
		ACBB20D01C051AE100A63B9C /* libRCTText.a in Frameworks */ = {isa = PBXBuildFile; fileRef = 832341B51AAA6A8300B99B32 /* libRCTText.a */; };
		ACBB20D11C051AE100A63B9C /* FBSDKLoginKit.framework in Frameworks */ = {isa = PBXBuildFile; fileRef = ACBB1F131C0502B600A63B9C /* FBSDKLoginKit.framework */; };
		ACBB20D21C051AE100A63B9C /* libRCTVibration.a in Frameworks */ = {isa = PBXBuildFile; fileRef = 00C302E41ABCB9EE00DB3ED1 /* libRCTVibration.a */; };
		ACBB20D31C051AE100A63B9C /* libRCTWebSocket.a in Frameworks */ = {isa = PBXBuildFile; fileRef = 139FDEF41B06529B00C62182 /* libRCTWebSocket.a */; };
		ACBB20D41C051AE100A63B9C /* libReact.a in Frameworks */ = {isa = PBXBuildFile; fileRef = 146834041AC3E56700842450 /* libReact.a */; };
		ACBB20D51C051AE100A63B9C /* libRNAppInfo.a in Frameworks */ = {isa = PBXBuildFile; fileRef = ACBB20501C050CF100A63B9C /* libRNAppInfo.a */; };
		ACBB20D61C051AE100A63B9C /* libRNFS.a in Frameworks */ = {isa = PBXBuildFile; fileRef = ACBB20551C050CF100A63B9C /* libRNFS.a */; };
		ACBB20D71C051AE100A63B9C /* libRNMail.a in Frameworks */ = {isa = PBXBuildFile; fileRef = ACBB20591C050CF100A63B9C /* libRNMail.a */; };
		ACBB20D81C051AE100A63B9C /* libRNMessageComposer.a in Frameworks */ = {isa = PBXBuildFile; fileRef = ACBB205E1C050CF100A63B9C /* libRNMessageComposer.a */; };
		ACBB20DA1C051AE100A63B9C /* omnes-bold-webfont.ttf in Resources */ = {isa = PBXBuildFile; fileRef = ACBB20A31C05113400A63B9C /* omnes-bold-webfont.ttf */; };
		ACBB20DB1C051AE100A63B9C /* Montserrat-Bold.ttf in Resources */ = {isa = PBXBuildFile; fileRef = ACBB20A11C05113400A63B9C /* Montserrat-Bold.ttf */; };
		ACBB20DC1C051AE100A63B9C /* omnes-medium-webfont.ttf in Resources */ = {isa = PBXBuildFile; fileRef = ACBB20A51C05113400A63B9C /* omnes-medium-webfont.ttf */; };
		ACBB20DD1C051AE100A63B9C /* omnes-light-webfont.ttf in Resources */ = {isa = PBXBuildFile; fileRef = ACBB20A41C05113400A63B9C /* omnes-light-webfont.ttf */; };
		ACBB20DE1C051AE100A63B9C /* omnes-regular-webfont.ttf in Resources */ = {isa = PBXBuildFile; fileRef = ACBB20A61C05113400A63B9C /* omnes-regular-webfont.ttf */; };
		ACBB20DF1C051AE100A63B9C /* Images.xcassets in Resources */ = {isa = PBXBuildFile; fileRef = 13B07FB51A68108700A75B9A /* Images.xcassets */; };
		ACBB20E01C051AE100A63B9C /* Montserrat-Regular.otf in Resources */ = {isa = PBXBuildFile; fileRef = ACBB20A21C05113400A63B9C /* Montserrat-Regular.otf */; };
/* End PBXBuildFile section */

/* Begin PBXContainerItemProxy section */
		00C302AB1ABCB8CE00DB3ED1 /* PBXContainerItemProxy */ = {
			isa = PBXContainerItemProxy;
			containerPortal = 00C302A71ABCB8CE00DB3ED1 /* RCTActionSheet.xcodeproj */;
			proxyType = 2;
			remoteGlobalIDString = 134814201AA4EA6300B7C361;
			remoteInfo = RCTActionSheet;
		};
		00C302B91ABCB90400DB3ED1 /* PBXContainerItemProxy */ = {
			isa = PBXContainerItemProxy;
			containerPortal = 00C302B51ABCB90400DB3ED1 /* RCTGeolocation.xcodeproj */;
			proxyType = 2;
			remoteGlobalIDString = 134814201AA4EA6300B7C361;
			remoteInfo = RCTGeolocation;
		};
		00C302BF1ABCB91800DB3ED1 /* PBXContainerItemProxy */ = {
			isa = PBXContainerItemProxy;
			containerPortal = 00C302BB1ABCB91800DB3ED1 /* RCTImage.xcodeproj */;
			proxyType = 2;
			remoteGlobalIDString = 58B5115D1A9E6B3D00147676;
			remoteInfo = RCTImage;
		};
		00C302DB1ABCB9D200DB3ED1 /* PBXContainerItemProxy */ = {
			isa = PBXContainerItemProxy;
			containerPortal = 00C302D31ABCB9D200DB3ED1 /* RCTNetwork.xcodeproj */;
			proxyType = 2;
			remoteGlobalIDString = 58B511DB1A9E6C8500147676;
			remoteInfo = RCTNetwork;
		};
		00C302E31ABCB9EE00DB3ED1 /* PBXContainerItemProxy */ = {
			isa = PBXContainerItemProxy;
			containerPortal = 00C302DF1ABCB9EE00DB3ED1 /* RCTVibration.xcodeproj */;
			proxyType = 2;
			remoteGlobalIDString = 832C81801AAF6DEF007FA2F7;
			remoteInfo = RCTVibration;
		};
		139105C01AF99BAD00B5F7CC /* PBXContainerItemProxy */ = {
			isa = PBXContainerItemProxy;
			containerPortal = 139105B61AF99BAD00B5F7CC /* RCTSettings.xcodeproj */;
			proxyType = 2;
			remoteGlobalIDString = 134814201AA4EA6300B7C361;
			remoteInfo = RCTSettings;
		};
		139FDEF31B06529B00C62182 /* PBXContainerItemProxy */ = {
			isa = PBXContainerItemProxy;
			containerPortal = 139FDEE61B06529A00C62182 /* RCTWebSocket.xcodeproj */;
			proxyType = 2;
			remoteGlobalIDString = 3C86DF461ADF2C930047B81A;
			remoteInfo = RCTWebSocket;
		};
		146834031AC3E56700842450 /* PBXContainerItemProxy */ = {
			isa = PBXContainerItemProxy;
			containerPortal = 146833FF1AC3E56700842450 /* React.xcodeproj */;
			proxyType = 2;
			remoteGlobalIDString = 83CBBA2E1A601D0E00E9B192;
			remoteInfo = React;
		};
		78C398B81ACF4ADC00677621 /* PBXContainerItemProxy */ = {
			isa = PBXContainerItemProxy;
			containerPortal = 78C398B01ACF4ADC00677621 /* RCTLinking.xcodeproj */;
			proxyType = 2;
			remoteGlobalIDString = 134814201AA4EA6300B7C361;
			remoteInfo = RCTLinking;
		};
		832341B41AAA6A8300B99B32 /* PBXContainerItemProxy */ = {
			isa = PBXContainerItemProxy;
			containerPortal = 832341B01AAA6A8300B99B32 /* RCTText.xcodeproj */;
			proxyType = 2;
			remoteGlobalIDString = 58B5119B1A9E6C1200147676;
			remoteInfo = RCTText;
		};
		ACBB1FAC1C0502B600A63B9C /* PBXContainerItemProxy */ = {
			isa = PBXContainerItemProxy;
			containerPortal = ACBB1F521C0502B600A63B9C /* EXURLHandler.xcodeproj */;
			proxyType = 2;
			remoteGlobalIDString = 789788DE1AF23588009CD9D5;
			remoteInfo = EXURLHandler;
		};
		ACBB1FB51C0502B600A63B9C /* PBXContainerItemProxy */ = {
			isa = PBXContainerItemProxy;
			containerPortal = ACBB1ED11C0502B600A63B9C /* RCTOSPermissions.xcodeproj */;
			proxyType = 2;
			remoteGlobalIDString = ACBB1ED41C0502B600A63B9C;
			remoteInfo = "RCTOSPermissions copy";
		};
		ACBB1FB81C0502B600A63B9C /* PBXContainerItemProxy */ = {
			isa = PBXContainerItemProxy;
			containerPortal = ACBB1F381C0502B600A63B9C /* RNKeychain.xcodeproj */;
			proxyType = 2;
			remoteGlobalIDString = 5D82366F1B0CE05B005A9EF3;
			remoteInfo = RNKeychain;
		};
		ACBB1FBB1C0502B600A63B9C /* PBXContainerItemProxy */ = {
			isa = PBXContainerItemProxy;
			containerPortal = ACBB1F461C0502B600A63B9C /* RNOverlay.xcodeproj */;
			proxyType = 2;
			remoteGlobalIDString = 134814201AA4EA6300B7C361;
			remoteInfo = RNOverlay;
		};
		ACBB1FEB1C05064300A63B9C /* PBXContainerItemProxy */ = {
			isa = PBXContainerItemProxy;
			containerPortal = ACBB1FE31C05064200A63B9C /* RCTPushNotification.xcodeproj */;
			proxyType = 2;
			remoteGlobalIDString = 134814201AA4EA6300B7C361;
			remoteInfo = RCTPushNotification;
		};
		ACBB1FF81C0506F700A63B9C /* PBXContainerItemProxy */ = {
			isa = PBXContainerItemProxy;
			containerPortal = ACBB1F211C0502B600A63B9C /* RCTFBLogin.xcodeproj */;
			proxyType = 2;
			remoteGlobalIDString = 4F3A6B5B1ACFBCC500CA65F7;
			remoteInfo = RCTFBLogin;
		};
		ACBB20431C050CF100A63B9C /* PBXContainerItemProxy */ = {
			isa = PBXContainerItemProxy;
			containerPortal = ACBB202C1C050CF000A63B9C /* RCTAddressBook.xcodeproj */;
			proxyType = 2;
			remoteGlobalIDString = 145CC5701AED80100006342E;
			remoteInfo = RCTAddressBook;
		};
		ACBB20451C050CF100A63B9C /* PBXContainerItemProxy */ = {
			isa = PBXContainerItemProxy;
			containerPortal = ACBB202C1C050CF000A63B9C /* RCTAddressBook.xcodeproj */;
			proxyType = 2;
			remoteGlobalIDString = 145CC57B1AED80100006342E;
			remoteInfo = RCTAddressBookTests;
		};
		ACBB20481C050CF100A63B9C /* PBXContainerItemProxy */ = {
			isa = PBXContainerItemProxy;
			containerPortal = ACBB203E1C050CF000A63B9C /* RCTCamera.xcodeproj */;
			proxyType = 2;
			remoteGlobalIDString = 4107012F1ACB723B00C6AA39;
			remoteInfo = RCTCamera;
		};
		ACBB204B1C050CF100A63B9C /* PBXContainerItemProxy */ = {
			isa = PBXContainerItemProxy;
			containerPortal = ACBB202F1C050CF000A63B9C /* RCTCameraRoll.xcodeproj */;
			proxyType = 2;
			remoteGlobalIDString = 58B5115D1A9E6B3D00147676;
			remoteInfo = RCTCameraRoll;
		};
		ACBB204F1C050CF100A63B9C /* PBXContainerItemProxy */ = {
			isa = PBXContainerItemProxy;
			containerPortal = ACBB20321C050CF000A63B9C /* RNAppInfo.xcodeproj */;
			proxyType = 2;
			remoteGlobalIDString = CDD7BF781B2D5125006FDA75;
			remoteInfo = RNAppInfo;
		};
		ACBB20511C050CF100A63B9C /* PBXContainerItemProxy */ = {
			isa = PBXContainerItemProxy;
			containerPortal = ACBB20321C050CF000A63B9C /* RNAppInfo.xcodeproj */;
			proxyType = 2;
			remoteGlobalIDString = CDD7BF831B2D5126006FDA75;
			remoteInfo = RNAppInfoTests;
		};
		ACBB20541C050CF100A63B9C /* PBXContainerItemProxy */ = {
			isa = PBXContainerItemProxy;
			containerPortal = ACBB20381C050CF000A63B9C /* RNFS.xcodeproj */;
			proxyType = 2;
			remoteGlobalIDString = F12AFB9B1ADAF8F800E0535D;
			remoteInfo = RNFS;
		};
		ACBB20581C050CF100A63B9C /* PBXContainerItemProxy */ = {
			isa = PBXContainerItemProxy;
			containerPortal = ACBB203B1C050CF000A63B9C /* RNMail.xcodeproj */;
			proxyType = 2;
			remoteGlobalIDString = 46FEDE7F1AFF192F00D3261C;
			remoteInfo = RNMail;
		};
		ACBB205A1C050CF100A63B9C /* PBXContainerItemProxy */ = {
			isa = PBXContainerItemProxy;
			containerPortal = ACBB203B1C050CF000A63B9C /* RNMail.xcodeproj */;
			proxyType = 2;
			remoteGlobalIDString = 46FEDE8A1AFF192F00D3261C;
			remoteInfo = RNMailTests;
		};
		ACBB205D1C050CF100A63B9C /* PBXContainerItemProxy */ = {
			isa = PBXContainerItemProxy;
			containerPortal = ACBB20351C050CF000A63B9C /* RNMessageComposer.xcodeproj */;
			proxyType = 2;
			remoteGlobalIDString = C23F08041AFAB5C100312C72;
			remoteInfo = RNMessageComposer;
		};
/* End PBXContainerItemProxy section */

/* Begin PBXFileReference section */
		00C302A71ABCB8CE00DB3ED1 /* RCTActionSheet.xcodeproj */ = {isa = PBXFileReference; lastKnownFileType = "wrapper.pb-project"; name = RCTActionSheet.xcodeproj; path = "../node_modules/react-native/Libraries/ActionSheetIOS/RCTActionSheet.xcodeproj"; sourceTree = "<group>"; };
		00C302B51ABCB90400DB3ED1 /* RCTGeolocation.xcodeproj */ = {isa = PBXFileReference; lastKnownFileType = "wrapper.pb-project"; name = RCTGeolocation.xcodeproj; path = "../node_modules/react-native/Libraries/Geolocation/RCTGeolocation.xcodeproj"; sourceTree = "<group>"; };
		00C302BB1ABCB91800DB3ED1 /* RCTImage.xcodeproj */ = {isa = PBXFileReference; lastKnownFileType = "wrapper.pb-project"; name = RCTImage.xcodeproj; path = "../node_modules/react-native/Libraries/Image/RCTImage.xcodeproj"; sourceTree = "<group>"; };
		00C302D31ABCB9D200DB3ED1 /* RCTNetwork.xcodeproj */ = {isa = PBXFileReference; lastKnownFileType = "wrapper.pb-project"; name = RCTNetwork.xcodeproj; path = "../node_modules/react-native/Libraries/Network/RCTNetwork.xcodeproj"; sourceTree = "<group>"; };
		00C302DF1ABCB9EE00DB3ED1 /* RCTVibration.xcodeproj */ = {isa = PBXFileReference; lastKnownFileType = "wrapper.pb-project"; name = RCTVibration.xcodeproj; path = "../node_modules/react-native/Libraries/Vibration/RCTVibration.xcodeproj"; sourceTree = "<group>"; };
		139105B61AF99BAD00B5F7CC /* RCTSettings.xcodeproj */ = {isa = PBXFileReference; lastKnownFileType = "wrapper.pb-project"; name = RCTSettings.xcodeproj; path = "../node_modules/react-native/Libraries/Settings/RCTSettings.xcodeproj"; sourceTree = "<group>"; };
		139FDEE61B06529A00C62182 /* RCTWebSocket.xcodeproj */ = {isa = PBXFileReference; lastKnownFileType = "wrapper.pb-project"; name = RCTWebSocket.xcodeproj; path = "../node_modules/react-native/Libraries/WebSocket/RCTWebSocket.xcodeproj"; sourceTree = "<group>"; };
		13B07F961A680F5B00A75B9A /* Trippple.app */ = {isa = PBXFileReference; explicitFileType = wrapper.application; includeInIndex = 0; path = Trippple.app; sourceTree = BUILT_PRODUCTS_DIR; };
		13B07FAF1A68108700A75B9A /* AppDelegate.h */ = {isa = PBXFileReference; fileEncoding = 4; lastKnownFileType = sourcecode.c.h; name = AppDelegate.h; path = Native/AppDelegate.h; sourceTree = "<group>"; };
		13B07FB01A68108700A75B9A /* AppDelegate.m */ = {isa = PBXFileReference; fileEncoding = 4; lastKnownFileType = sourcecode.c.objc; name = AppDelegate.m; path = Native/AppDelegate.m; sourceTree = "<group>"; };
		13B07FB51A68108700A75B9A /* Images.xcassets */ = {isa = PBXFileReference; lastKnownFileType = folder.assetcatalog; name = Images.xcassets; path = Native/Images.xcassets; sourceTree = "<group>"; };
		13B07FB61A68108700A75B9A /* Info.plist */ = {isa = PBXFileReference; fileEncoding = 4; lastKnownFileType = text.plist.xml; name = Info.plist; path = Native/Info.plist; sourceTree = "<group>"; };
		13B07FB71A68108700A75B9A /* main.m */ = {isa = PBXFileReference; fileEncoding = 4; lastKnownFileType = sourcecode.c.objc; name = main.m; path = Native/main.m; sourceTree = "<group>"; };
		146833FF1AC3E56700842450 /* React.xcodeproj */ = {isa = PBXFileReference; lastKnownFileType = "wrapper.pb-project"; name = React.xcodeproj; path = "../node_modules/react-native/React/React.xcodeproj"; sourceTree = "<group>"; };
		78C398B01ACF4ADC00677621 /* RCTLinking.xcodeproj */ = {isa = PBXFileReference; lastKnownFileType = "wrapper.pb-project"; name = RCTLinking.xcodeproj; path = "../node_modules/react-native/Libraries/LinkingIOS/RCTLinking.xcodeproj"; sourceTree = "<group>"; };
		832341B01AAA6A8300B99B32 /* RCTText.xcodeproj */ = {isa = PBXFileReference; lastKnownFileType = "wrapper.pb-project"; name = RCTText.xcodeproj; path = "../node_modules/react-native/Libraries/Text/RCTText.xcodeproj"; sourceTree = "<group>"; };
		ACBB1ECB1C0502B600A63B9C /* ospermissions.android.js */ = {isa = PBXFileReference; fileEncoding = 4; lastKnownFileType = sourcecode.javascript; path = ospermissions.android.js; sourceTree = "<group>"; };
		ACBB1ECD1C0502B600A63B9C /* ospermissions.h */ = {isa = PBXFileReference; fileEncoding = 4; lastKnownFileType = sourcecode.c.h; path = ospermissions.h; sourceTree = "<group>"; };
		ACBB1ECE1C0502B600A63B9C /* ospermissions.ios.js */ = {isa = PBXFileReference; fileEncoding = 4; lastKnownFileType = sourcecode.javascript; path = ospermissions.ios.js; sourceTree = "<group>"; };
		ACBB1ECF1C0502B600A63B9C /* ospermissions.m */ = {isa = PBXFileReference; fileEncoding = 4; lastKnownFileType = sourcecode.c.objc; path = ospermissions.m; sourceTree = "<group>"; };
		ACBB1ED01C0502B600A63B9C /* package.json */ = {isa = PBXFileReference; fileEncoding = 4; lastKnownFileType = text.json; path = package.json; sourceTree = "<group>"; };
		ACBB1ED11C0502B600A63B9C /* RCTOSPermissions.xcodeproj */ = {isa = PBXFileReference; lastKnownFileType = "wrapper.pb-project"; path = RCTOSPermissions.xcodeproj; sourceTree = "<group>"; };
		ACBB1EFD1C0502B600A63B9C /* index.js */ = {isa = PBXFileReference; fileEncoding = 4; lastKnownFileType = sourcecode.javascript; path = index.js; sourceTree = "<group>"; };
		ACBB1F011C0502B600A63B9C /* BlurView.h */ = {isa = PBXFileReference; fileEncoding = 4; lastKnownFileType = sourcecode.c.h; path = BlurView.h; sourceTree = "<group>"; };
		ACBB1F021C0502B600A63B9C /* BlurView.m */ = {isa = PBXFileReference; fileEncoding = 4; lastKnownFileType = sourcecode.c.objc; path = BlurView.m; sourceTree = "<group>"; };
		ACBB1F031C0502B600A63B9C /* BlurViewManager.h */ = {isa = PBXFileReference; fileEncoding = 4; lastKnownFileType = sourcecode.c.h; path = BlurViewManager.h; sourceTree = "<group>"; };
		ACBB1F041C0502B600A63B9C /* BlurViewManager.m */ = {isa = PBXFileReference; fileEncoding = 4; lastKnownFileType = sourcecode.c.objc; path = BlurViewManager.m; sourceTree = "<group>"; };
		ACBB1F061C0502B600A63B9C /* VibrancyView.h */ = {isa = PBXFileReference; fileEncoding = 4; lastKnownFileType = sourcecode.c.h; path = VibrancyView.h; sourceTree = "<group>"; };
		ACBB1F071C0502B600A63B9C /* VibrancyView.m */ = {isa = PBXFileReference; fileEncoding = 4; lastKnownFileType = sourcecode.c.objc; path = VibrancyView.m; sourceTree = "<group>"; };
		ACBB1F081C0502B600A63B9C /* VibrancyViewManager.h */ = {isa = PBXFileReference; fileEncoding = 4; lastKnownFileType = sourcecode.c.h; path = VibrancyViewManager.h; sourceTree = "<group>"; };
		ACBB1F091C0502B600A63B9C /* VibrancyViewManager.m */ = {isa = PBXFileReference; fileEncoding = 4; lastKnownFileType = sourcecode.c.objc; path = VibrancyViewManager.m; sourceTree = "<group>"; };
		ACBB1F0B1C0502B600A63B9C /* BlurView.js */ = {isa = PBXFileReference; fileEncoding = 4; lastKnownFileType = sourcecode.javascript; path = BlurView.js; sourceTree = "<group>"; };
		ACBB1F0C1C0502B600A63B9C /* VibrancyView.js */ = {isa = PBXFileReference; fileEncoding = 4; lastKnownFileType = sourcecode.javascript; path = VibrancyView.js; sourceTree = "<group>"; };
		ACBB1F111C0502B600A63B9C /* Bolts.framework */ = {isa = PBXFileReference; lastKnownFileType = wrapper.framework; path = Bolts.framework; sourceTree = "<group>"; };
		ACBB1F121C0502B600A63B9C /* FBSDKCoreKit.framework */ = {isa = PBXFileReference; lastKnownFileType = wrapper.framework; path = FBSDKCoreKit.framework; sourceTree = "<group>"; };
		ACBB1F131C0502B600A63B9C /* FBSDKLoginKit.framework */ = {isa = PBXFileReference; lastKnownFileType = wrapper.framework; path = FBSDKLoginKit.framework; sourceTree = "<group>"; };
		ACBB1F141C0502B600A63B9C /* FBSDKShareKit.framework */ = {isa = PBXFileReference; lastKnownFileType = wrapper.framework; path = FBSDKShareKit.framework; sourceTree = "<group>"; };
		ACBB1F151C0502B600A63B9C /* FBLogin.ios.js */ = {isa = PBXFileReference; fileEncoding = 4; lastKnownFileType = sourcecode.javascript; path = FBLogin.ios.js; sourceTree = "<group>"; };
		ACBB1F1D1C0502B600A63B9C /* RCTFBLogin.h */ = {isa = PBXFileReference; fileEncoding = 4; lastKnownFileType = sourcecode.c.h; path = RCTFBLogin.h; sourceTree = "<group>"; };
		ACBB1F1E1C0502B600A63B9C /* RCTFBLogin.m */ = {isa = PBXFileReference; fileEncoding = 4; lastKnownFileType = sourcecode.c.objc; path = RCTFBLogin.m; sourceTree = "<group>"; };
		ACBB1F1F1C0502B600A63B9C /* RCTFBLoginManager.h */ = {isa = PBXFileReference; fileEncoding = 4; lastKnownFileType = sourcecode.c.h; path = RCTFBLoginManager.h; sourceTree = "<group>"; };
		ACBB1F201C0502B600A63B9C /* RCTFBLoginManager.m */ = {isa = PBXFileReference; fileEncoding = 4; lastKnownFileType = sourcecode.c.objc; path = RCTFBLoginManager.m; sourceTree = "<group>"; };
		ACBB1F211C0502B600A63B9C /* RCTFBLogin.xcodeproj */ = {isa = PBXFileReference; lastKnownFileType = "wrapper.pb-project"; path = RCTFBLogin.xcodeproj; sourceTree = "<group>"; };
		ACBB1F271C0502B600A63B9C /* RCTFileTransfer.m */ = {isa = PBXFileReference; fileEncoding = 4; lastKnownFileType = sourcecode.c.objc; path = RCTFileTransfer.m; sourceTree = "<group>"; };
		ACBB1F2D1C0502B600A63B9C /* Accessibility.js */ = {isa = PBXFileReference; fileEncoding = 4; lastKnownFileType = sourcecode.javascript; path = Accessibility.js; sourceTree = "<group>"; };
		ACBB1F2E1C0502B600A63B9C /* AuthenticationTypes.js */ = {isa = PBXFileReference; fileEncoding = 4; lastKnownFileType = sourcecode.javascript; path = AuthenticationTypes.js; sourceTree = "<group>"; };
		ACBB1F2F1C0502B600A63B9C /* index.js */ = {isa = PBXFileReference; fileEncoding = 4; lastKnownFileType = sourcecode.javascript; path = index.js; sourceTree = "<group>"; };
		ACBB1F301C0502B600A63B9C /* KeyClasses.js */ = {isa = PBXFileReference; fileEncoding = 4; lastKnownFileType = sourcecode.javascript; path = KeyClasses.js; sourceTree = "<group>"; };
		ACBB1F311C0502B600A63B9C /* KeyTypes.js */ = {isa = PBXFileReference; fileEncoding = 4; lastKnownFileType = sourcecode.javascript; path = KeyTypes.js; sourceTree = "<group>"; };
		ACBB1F321C0502B600A63B9C /* MatchLimits.js */ = {isa = PBXFileReference; fileEncoding = 4; lastKnownFileType = sourcecode.javascript; path = MatchLimits.js; sourceTree = "<group>"; };
		ACBB1F331C0502B600A63B9C /* Protocols.js */ = {isa = PBXFileReference; fileEncoding = 4; lastKnownFileType = sourcecode.javascript; path = Protocols.js; sourceTree = "<group>"; };
		ACBB1F341C0502B600A63B9C /* index.ios.js */ = {isa = PBXFileReference; fileEncoding = 4; lastKnownFileType = sourcecode.javascript; path = index.ios.js; sourceTree = "<group>"; };
		ACBB1F381C0502B600A63B9C /* RNKeychain.xcodeproj */ = {isa = PBXFileReference; lastKnownFileType = "wrapper.pb-project"; path = RNKeychain.xcodeproj; sourceTree = "<group>"; };
		ACBB1F3C1C0502B600A63B9C /* RNKeychainManager.h */ = {isa = PBXFileReference; fileEncoding = 4; lastKnownFileType = sourcecode.c.h; path = RNKeychainManager.h; sourceTree = "<group>"; };
		ACBB1F3D1C0502B600A63B9C /* RNKeychainManager.m */ = {isa = PBXFileReference; fileEncoding = 4; lastKnownFileType = sourcecode.c.objc; path = RNKeychainManager.m; sourceTree = "<group>"; };
		ACBB1F3F1C0502B600A63B9C /* Overlay.ios.js */ = {isa = PBXFileReference; fileEncoding = 4; lastKnownFileType = sourcecode.javascript; path = Overlay.ios.js; sourceTree = "<group>"; };
		ACBB1F421C0502B600A63B9C /* RNClickThroughWindow.h */ = {isa = PBXFileReference; fileEncoding = 4; lastKnownFileType = sourcecode.c.h; path = RNClickThroughWindow.h; sourceTree = "<group>"; };
		ACBB1F431C0502B600A63B9C /* RNClickThroughWindow.m */ = {isa = PBXFileReference; fileEncoding = 4; lastKnownFileType = sourcecode.c.objc; path = RNClickThroughWindow.m; sourceTree = "<group>"; };
		ACBB1F441C0502B600A63B9C /* RNOverlay.h */ = {isa = PBXFileReference; fileEncoding = 4; lastKnownFileType = sourcecode.c.h; path = RNOverlay.h; sourceTree = "<group>"; };
		ACBB1F451C0502B600A63B9C /* RNOverlay.m */ = {isa = PBXFileReference; fileEncoding = 4; lastKnownFileType = sourcecode.c.objc; path = RNOverlay.m; sourceTree = "<group>"; };
		ACBB1F461C0502B600A63B9C /* RNOverlay.xcodeproj */ = {isa = PBXFileReference; lastKnownFileType = "wrapper.pb-project"; path = RNOverlay.xcodeproj; sourceTree = "<group>"; };
		ACBB1F491C0502B600A63B9C /* RNOverlayManager.h */ = {isa = PBXFileReference; fileEncoding = 4; lastKnownFileType = sourcecode.c.h; path = RNOverlayManager.h; sourceTree = "<group>"; };
		ACBB1F4A1C0502B600A63B9C /* RNOverlayManager.m */ = {isa = PBXFileReference; fileEncoding = 4; lastKnownFileType = sourcecode.c.objc; path = RNOverlayManager.m; sourceTree = "<group>"; };
		ACBB1F501C0502B600A63B9C /* EXURLHandler.h */ = {isa = PBXFileReference; fileEncoding = 4; lastKnownFileType = sourcecode.c.h; path = EXURLHandler.h; sourceTree = "<group>"; };
		ACBB1F511C0502B600A63B9C /* EXURLHandler.m */ = {isa = PBXFileReference; fileEncoding = 4; lastKnownFileType = sourcecode.c.objc; path = EXURLHandler.m; sourceTree = "<group>"; };
		ACBB1F521C0502B600A63B9C /* EXURLHandler.xcodeproj */ = {isa = PBXFileReference; lastKnownFileType = "wrapper.pb-project"; path = EXURLHandler.xcodeproj; sourceTree = "<group>"; };
		ACBB1F591C0502B600A63B9C /* UrlHandler.js */ = {isa = PBXFileReference; fileEncoding = 4; lastKnownFileType = sourcecode.javascript; path = UrlHandler.js; sourceTree = "<group>"; };
		ACBB1FDB1C0505D700A63B9C /* AssetsLibrary.framework */ = {isa = PBXFileReference; lastKnownFileType = wrapper.framework; name = AssetsLibrary.framework; path = System/Library/Frameworks/AssetsLibrary.framework; sourceTree = SDKROOT; };
		ACBB1FDD1C0505DF00A63B9C /* CoreFoundation.framework */ = {isa = PBXFileReference; lastKnownFileType = wrapper.framework; name = CoreFoundation.framework; path = System/Library/Frameworks/CoreFoundation.framework; sourceTree = SDKROOT; };
		ACBB1FE21C05064200A63B9C /* PushNotificationIOS.js */ = {isa = PBXFileReference; fileEncoding = 4; lastKnownFileType = sourcecode.javascript; path = PushNotificationIOS.js; sourceTree = "<group>"; };
		ACBB1FE31C05064200A63B9C /* RCTPushNotification.xcodeproj */ = {isa = PBXFileReference; lastKnownFileType = "wrapper.pb-project"; path = RCTPushNotification.xcodeproj; sourceTree = "<group>"; };
		ACBB1FE61C05064300A63B9C /* RCTPushNotificationManager.h */ = {isa = PBXFileReference; fileEncoding = 4; lastKnownFileType = sourcecode.c.h; path = RCTPushNotificationManager.h; sourceTree = "<group>"; };
		ACBB1FE71C05064300A63B9C /* RCTPushNotificationManager.m */ = {isa = PBXFileReference; fileEncoding = 4; lastKnownFileType = sourcecode.c.objc; path = RCTPushNotificationManager.m; sourceTree = "<group>"; };
		ACBB20291C050C6000A63B9C /* UIColor+TRColors.h */ = {isa = PBXFileReference; fileEncoding = 4; lastKnownFileType = sourcecode.c.h; name = "UIColor+TRColors.h"; path = "Native/UIColor+TRColors.h"; sourceTree = "<group>"; };
		ACBB202A1C050C6000A63B9C /* UIColor+TRColors.m */ = {isa = PBXFileReference; fileEncoding = 4; lastKnownFileType = sourcecode.c.objc; name = "UIColor+TRColors.m"; path = "Native/UIColor+TRColors.m"; sourceTree = "<group>"; };
		ACBB202C1C050CF000A63B9C /* RCTAddressBook.xcodeproj */ = {isa = PBXFileReference; lastKnownFileType = "wrapper.pb-project"; name = RCTAddressBook.xcodeproj; path = "../node_modules/react-native-addressbook/RCTAddressBook.xcodeproj"; sourceTree = "<group>"; };
		ACBB202F1C050CF000A63B9C /* RCTCameraRoll.xcodeproj */ = {isa = PBXFileReference; lastKnownFileType = "wrapper.pb-project"; name = RCTCameraRoll.xcodeproj; path = "../node_modules/react-native/Libraries/CameraRoll/RCTCameraRoll.xcodeproj"; sourceTree = "<group>"; };
		ACBB20321C050CF000A63B9C /* RNAppInfo.xcodeproj */ = {isa = PBXFileReference; lastKnownFileType = "wrapper.pb-project"; name = RNAppInfo.xcodeproj; path = "../node_modules/react-native-app-info/RNAppInfo.xcodeproj"; sourceTree = "<group>"; };
		ACBB20351C050CF000A63B9C /* RNMessageComposer.xcodeproj */ = {isa = PBXFileReference; lastKnownFileType = "wrapper.pb-project"; name = RNMessageComposer.xcodeproj; path = "../node_modules/react-native-message-composer/RNMessageComposer.xcodeproj"; sourceTree = "<group>"; };
		ACBB20381C050CF000A63B9C /* RNFS.xcodeproj */ = {isa = PBXFileReference; lastKnownFileType = "wrapper.pb-project"; name = RNFS.xcodeproj; path = "../node_modules/react-native-fs/RNFS.xcodeproj"; sourceTree = "<group>"; };
		ACBB203B1C050CF000A63B9C /* RNMail.xcodeproj */ = {isa = PBXFileReference; lastKnownFileType = "wrapper.pb-project"; name = RNMail.xcodeproj; path = "../node_modules/react-native-mail/RNMail.xcodeproj"; sourceTree = "<group>"; };
		ACBB203E1C050CF000A63B9C /* RCTCamera.xcodeproj */ = {isa = PBXFileReference; lastKnownFileType = "wrapper.pb-project"; name = RCTCamera.xcodeproj; path = "../node_modules/react-native-camera/ios/RCTCamera.xcodeproj"; sourceTree = "<group>"; };
		ACBB20691C050D3D00A63B9C /* Device.js */ = {isa = PBXFileReference; fileEncoding = 4; lastKnownFileType = sourcecode.javascript; path = Device.js; sourceTree = "<group>"; };
		ACBB206A1C050D3D00A63B9C /* DeviceUtil.h */ = {isa = PBXFileReference; fileEncoding = 4; lastKnownFileType = sourcecode.c.h; path = DeviceUtil.h; sourceTree = "<group>"; };
		ACBB206B1C050D3D00A63B9C /* DeviceUtil.m */ = {isa = PBXFileReference; fileEncoding = 4; lastKnownFileType = sourcecode.c.objc; path = DeviceUtil.m; sourceTree = "<group>"; };
		ACBB20A11C05113400A63B9C /* Montserrat-Bold.ttf */ = {isa = PBXFileReference; lastKnownFileType = file; path = "Montserrat-Bold.ttf"; sourceTree = "<group>"; };
		ACBB20A21C05113400A63B9C /* Montserrat-Regular.otf */ = {isa = PBXFileReference; lastKnownFileType = file; path = "Montserrat-Regular.otf"; sourceTree = "<group>"; };
		ACBB20A31C05113400A63B9C /* omnes-bold-webfont.ttf */ = {isa = PBXFileReference; lastKnownFileType = file; path = "omnes-bold-webfont.ttf"; sourceTree = "<group>"; };
		ACBB20A41C05113400A63B9C /* omnes-light-webfont.ttf */ = {isa = PBXFileReference; lastKnownFileType = file; path = "omnes-light-webfont.ttf"; sourceTree = "<group>"; };
		ACBB20A51C05113400A63B9C /* omnes-medium-webfont.ttf */ = {isa = PBXFileReference; lastKnownFileType = file; path = "omnes-medium-webfont.ttf"; sourceTree = "<group>"; };
		ACBB20A61C05113400A63B9C /* omnes-regular-webfont.ttf */ = {isa = PBXFileReference; lastKnownFileType = file; path = "omnes-regular-webfont.ttf"; sourceTree = "<group>"; };
		ACBB20E51C051AE100A63B9C /* Tripppletest.app */ = {isa = PBXFileReference; explicitFileType = wrapper.application; includeInIndex = 0; path = Tripppletest.app; sourceTree = BUILT_PRODUCTS_DIR; };
		ACBB20E61C051AE100A63B9C /* Tripppletest.plist */ = {isa = PBXFileReference; lastKnownFileType = text.plist.xml; name = Tripppletest.plist; path = /Users/alexlopez/code/Trippple/Native/ios/Tripppletest.plist; sourceTree = "<absolute>"; };
/* End PBXFileReference section */

/* Begin PBXFrameworksBuildPhase section */
		13B07F8C1A680F5B00A75B9A /* Frameworks */ = {
			isa = PBXFrameworksBuildPhase;
			buildActionMask = 2147483647;
			files = (
				ACBB209F1C0510E200A63B9C /* libRCTCamera.a in Frameworks */,
				ACBB209A1C050E8A00A63B9C /* CoreFoundation.framework in Frameworks */,
				ACBB20991C050E8400A63B9C /* AssetsLibrary.framework in Frameworks */,
				ACBB20831C050E7C00A63B9C /* libRCTActionSheet.a in Frameworks */,
				ACBB20841C050E7C00A63B9C /* libRCTAddressBook.a in Frameworks */,
				ACBB20861C050E7C00A63B9C /* libRCTCameraRoll.a in Frameworks */,
				ACBB209B1C050E9400A63B9C /* Bolts.framework in Frameworks */,
				ACBB20881C050E7C00A63B9C /* libRCTGeolocation.a in Frameworks */,
				ACBB20891C050E7C00A63B9C /* libRCTImage.a in Frameworks */,
				ACBB208A1C050E7C00A63B9C /* libRCTLinking.a in Frameworks */,
				ACBB208B1C050E7C00A63B9C /* libRCTNetwork.a in Frameworks */,
				ACBB209E1C050E9400A63B9C /* FBSDKShareKit.framework in Frameworks */,
				ACBB208E1C050E7C00A63B9C /* libRCTSettings.a in Frameworks */,
				ACBB209C1C050E9400A63B9C /* FBSDKCoreKit.framework in Frameworks */,
				ACBB208F1C050E7C00A63B9C /* libRCTText.a in Frameworks */,
				ACBB209D1C050E9400A63B9C /* FBSDKLoginKit.framework in Frameworks */,
				ACBB20901C050E7C00A63B9C /* libRCTVibration.a in Frameworks */,
				ACBB20911C050E7C00A63B9C /* libRCTWebSocket.a in Frameworks */,
				ACBB20921C050E7C00A63B9C /* libReact.a in Frameworks */,
				ACBB20931C050E7C00A63B9C /* libRNAppInfo.a in Frameworks */,
				ACBB20941C050E7C00A63B9C /* libRNFS.a in Frameworks */,
				ACBB20961C050E7C00A63B9C /* libRNMail.a in Frameworks */,
				ACBB20971C050E7C00A63B9C /* libRNMessageComposer.a in Frameworks */,
			);
			runOnlyForDeploymentPostprocessing = 0;
		};
		ACBB20C11C051AE100A63B9C /* Frameworks */ = {
			isa = PBXFrameworksBuildPhase;
			buildActionMask = 2147483647;
			files = (
				ACBB20C21C051AE100A63B9C /* libRCTCamera.a in Frameworks */,
				ACBB20C31C051AE100A63B9C /* CoreFoundation.framework in Frameworks */,
				ACBB20C41C051AE100A63B9C /* AssetsLibrary.framework in Frameworks */,
				ACBB20C51C051AE100A63B9C /* libRCTActionSheet.a in Frameworks */,
				ACBB20C61C051AE100A63B9C /* libRCTAddressBook.a in Frameworks */,
				ACBB20C71C051AE100A63B9C /* libRCTCameraRoll.a in Frameworks */,
				ACBB20C81C051AE100A63B9C /* Bolts.framework in Frameworks */,
				ACBB20C91C051AE100A63B9C /* libRCTGeolocation.a in Frameworks */,
				ACBB20CA1C051AE100A63B9C /* libRCTImage.a in Frameworks */,
				ACBB20CB1C051AE100A63B9C /* libRCTLinking.a in Frameworks */,
				ACBB20CC1C051AE100A63B9C /* libRCTNetwork.a in Frameworks */,
				ACBB20CD1C051AE100A63B9C /* FBSDKShareKit.framework in Frameworks */,
				ACBB20CE1C051AE100A63B9C /* libRCTSettings.a in Frameworks */,
				ACBB20CF1C051AE100A63B9C /* FBSDKCoreKit.framework in Frameworks */,
				ACBB20D01C051AE100A63B9C /* libRCTText.a in Frameworks */,
				ACBB20D11C051AE100A63B9C /* FBSDKLoginKit.framework in Frameworks */,
				ACBB20D21C051AE100A63B9C /* libRCTVibration.a in Frameworks */,
				ACBB20D31C051AE100A63B9C /* libRCTWebSocket.a in Frameworks */,
				ACBB20D41C051AE100A63B9C /* libReact.a in Frameworks */,
				ACBB20D51C051AE100A63B9C /* libRNAppInfo.a in Frameworks */,
				ACBB20D61C051AE100A63B9C /* libRNFS.a in Frameworks */,
				ACBB20D71C051AE100A63B9C /* libRNMail.a in Frameworks */,
				ACBB20D81C051AE100A63B9C /* libRNMessageComposer.a in Frameworks */,
			);
			runOnlyForDeploymentPostprocessing = 0;
		};
/* End PBXFrameworksBuildPhase section */

/* Begin PBXGroup section */
		00C302A81ABCB8CE00DB3ED1 /* Products */ = {
			isa = PBXGroup;
			children = (
				00C302AC1ABCB8CE00DB3ED1 /* libRCTActionSheet.a */,
			);
			name = Products;
			sourceTree = "<group>";
		};
		00C302B61ABCB90400DB3ED1 /* Products */ = {
			isa = PBXGroup;
			children = (
				00C302BA1ABCB90400DB3ED1 /* libRCTGeolocation.a */,
			);
			name = Products;
			sourceTree = "<group>";
		};
		00C302BC1ABCB91800DB3ED1 /* Products */ = {
			isa = PBXGroup;
			children = (
				00C302C01ABCB91800DB3ED1 /* libRCTImage.a */,
			);
			name = Products;
			sourceTree = "<group>";
		};
		00C302D41ABCB9D200DB3ED1 /* Products */ = {
			isa = PBXGroup;
			children = (
				00C302DC1ABCB9D200DB3ED1 /* libRCTNetwork.a */,
			);
			name = Products;
			sourceTree = "<group>";
		};
		00C302E01ABCB9EE00DB3ED1 /* Products */ = {
			isa = PBXGroup;
			children = (
				00C302E41ABCB9EE00DB3ED1 /* libRCTVibration.a */,
			);
			name = Products;
			sourceTree = "<group>";
		};
		139105B71AF99BAD00B5F7CC /* Products */ = {
			isa = PBXGroup;
			children = (
				139105C11AF99BAD00B5F7CC /* libRCTSettings.a */,
			);
			name = Products;
			sourceTree = "<group>";
		};
		139FDEE71B06529A00C62182 /* Products */ = {
			isa = PBXGroup;
			children = (
				139FDEF41B06529B00C62182 /* libRCTWebSocket.a */,
			);
			name = Products;
			sourceTree = "<group>";
		};
		13B07FAE1A68108700A75B9A /* Native */ = {
			isa = PBXGroup;
			children = (
				ACBB20A01C05113400A63B9C /* fonts */,
				ACBB20291C050C6000A63B9C /* UIColor+TRColors.h */,
				ACBB202A1C050C6000A63B9C /* UIColor+TRColors.m */,
				13B07FAF1A68108700A75B9A /* AppDelegate.h */,
				13B07FB01A68108700A75B9A /* AppDelegate.m */,
				13B07FB51A68108700A75B9A /* Images.xcassets */,
				13B07FB61A68108700A75B9A /* Info.plist */,
				ACBB20E61C051AE100A63B9C /* Tripppletest.plist */,
				13B07FB71A68108700A75B9A /* main.m */,
			);
			name = Native;
			sourceTree = "<group>";
		};
		146834001AC3E56700842450 /* Products */ = {
			isa = PBXGroup;
			children = (
				146834041AC3E56700842450 /* libReact.a */,
			);
			name = Products;
			sourceTree = "<group>";
		};
		78C398B11ACF4ADC00677621 /* Products */ = {
			isa = PBXGroup;
			children = (
				78C398B91ACF4ADC00677621 /* libRCTLinking.a */,
			);
			name = Products;
			sourceTree = "<group>";
		};
		832341AE1AAA6A7D00B99B32 /* Libraries */ = {
			isa = PBXGroup;
			children = (
				ACBB20661C050D3D00A63B9C /* react-native-device */,
				ACBB202C1C050CF000A63B9C /* RCTAddressBook.xcodeproj */,
				ACBB202F1C050CF000A63B9C /* RCTCameraRoll.xcodeproj */,
				ACBB20321C050CF000A63B9C /* RNAppInfo.xcodeproj */,
				ACBB20351C050CF000A63B9C /* RNMessageComposer.xcodeproj */,
				ACBB20381C050CF000A63B9C /* RNFS.xcodeproj */,
				ACBB203B1C050CF000A63B9C /* RNMail.xcodeproj */,
				ACBB203E1C050CF000A63B9C /* RCTCamera.xcodeproj */,
				ACBB1FE11C05064200A63B9C /* PushNotificationIOS */,
				ACBB1EC91C0502B600A63B9C /* OSPermissions */,
				ACBB1EFA1C0502B600A63B9C /* react-native-blur */,
				ACBB1F0D1C0502B600A63B9C /* react-native-facebook-login */,
				ACBB1F251C0502B600A63B9C /* react-native-file-transfer */,
				ACBB1F281C0502B600A63B9C /* react-native-keychain */,
				ACBB1F3E1C0502B600A63B9C /* react-native-overlay */,
				ACBB1F4B1C0502B600A63B9C /* react-native-url-handler */,
				146833FF1AC3E56700842450 /* React.xcodeproj */,
				00C302A71ABCB8CE00DB3ED1 /* RCTActionSheet.xcodeproj */,
				00C302B51ABCB90400DB3ED1 /* RCTGeolocation.xcodeproj */,
				00C302BB1ABCB91800DB3ED1 /* RCTImage.xcodeproj */,
				78C398B01ACF4ADC00677621 /* RCTLinking.xcodeproj */,
				00C302D31ABCB9D200DB3ED1 /* RCTNetwork.xcodeproj */,
				139105B61AF99BAD00B5F7CC /* RCTSettings.xcodeproj */,
				832341B01AAA6A8300B99B32 /* RCTText.xcodeproj */,
				00C302DF1ABCB9EE00DB3ED1 /* RCTVibration.xcodeproj */,
				139FDEE61B06529A00C62182 /* RCTWebSocket.xcodeproj */,
			);
			name = Libraries;
			sourceTree = "<group>";
		};
		832341B11AAA6A8300B99B32 /* Products */ = {
			isa = PBXGroup;
			children = (
				832341B51AAA6A8300B99B32 /* libRCTText.a */,
			);
			name = Products;
			sourceTree = "<group>";
		};
		83CBB9F61A601CBA00E9B192 = {
			isa = PBXGroup;
			children = (
				ACBB1FDD1C0505DF00A63B9C /* CoreFoundation.framework */,
				ACBB1FDB1C0505D700A63B9C /* AssetsLibrary.framework */,
				13B07FAE1A68108700A75B9A /* Native */,
				832341AE1AAA6A7D00B99B32 /* Libraries */,
				83CBBA001A601CBA00E9B192 /* Products */,
			);
			indentWidth = 2;
			sourceTree = "<group>";
			tabWidth = 2;
		};
		83CBBA001A601CBA00E9B192 /* Products */ = {
			isa = PBXGroup;
			children = (
				13B07F961A680F5B00A75B9A /* Trippple.app */,
				ACBB20E51C051AE100A63B9C /* Tripppletest.app */,
			);
			name = Products;
			sourceTree = "<group>";
		};
		ACBB1EC91C0502B600A63B9C /* OSPermissions */ = {
			isa = PBXGroup;
			children = (
				ACBB1ECA1C0502B600A63B9C /* android */,
				ACBB1ECC1C0502B600A63B9C /* ios */,
				ACBB1ED01C0502B600A63B9C /* package.json */,
				ACBB1ED11C0502B600A63B9C /* RCTOSPermissions.xcodeproj */,
			);
			name = OSPermissions;
			path = ../lib/OSPermissions;
			sourceTree = "<group>";
		};
		ACBB1ECA1C0502B600A63B9C /* android */ = {
			isa = PBXGroup;
			children = (
				ACBB1ECB1C0502B600A63B9C /* ospermissions.android.js */,
			);
			path = android;
			sourceTree = "<group>";
		};
		ACBB1ECC1C0502B600A63B9C /* ios */ = {
			isa = PBXGroup;
			children = (
				ACBB1ECD1C0502B600A63B9C /* ospermissions.h */,
				ACBB1ECE1C0502B600A63B9C /* ospermissions.ios.js */,
				ACBB1ECF1C0502B600A63B9C /* ospermissions.m */,
			);
			path = ios;
			sourceTree = "<group>";
		};
		ACBB1ED21C0502B600A63B9C /* Products */ = {
			isa = PBXGroup;
			children = (
				ACBB1FB61C0502B600A63B9C /* libRCTOSPermissions copy.a */,
			);
			name = Products;
			sourceTree = "<group>";
		};
		ACBB1EFA1C0502B600A63B9C /* react-native-blur */ = {
			isa = PBXGroup;
			children = (
				ACBB1EFD1C0502B600A63B9C /* index.js */,
				ACBB1F001C0502B600A63B9C /* RNBlur */,
				ACBB1F051C0502B600A63B9C /* RNVibrancy */,
				ACBB1F0A1C0502B600A63B9C /* src */,
			);
			name = "react-native-blur";
			path = "../lib/react-native-blur";
			sourceTree = "<group>";
		};
		ACBB1F001C0502B600A63B9C /* RNBlur */ = {
			isa = PBXGroup;
			children = (
				ACBB1F011C0502B600A63B9C /* BlurView.h */,
				ACBB1F021C0502B600A63B9C /* BlurView.m */,
				ACBB1F031C0502B600A63B9C /* BlurViewManager.h */,
				ACBB1F041C0502B600A63B9C /* BlurViewManager.m */,
			);
			path = RNBlur;
			sourceTree = "<group>";
		};
		ACBB1F051C0502B600A63B9C /* RNVibrancy */ = {
			isa = PBXGroup;
			children = (
				ACBB1F061C0502B600A63B9C /* VibrancyView.h */,
				ACBB1F071C0502B600A63B9C /* VibrancyView.m */,
				ACBB1F081C0502B600A63B9C /* VibrancyViewManager.h */,
				ACBB1F091C0502B600A63B9C /* VibrancyViewManager.m */,
			);
			path = RNVibrancy;
			sourceTree = "<group>";
		};
		ACBB1F0A1C0502B600A63B9C /* src */ = {
			isa = PBXGroup;
			children = (
				ACBB1F0B1C0502B600A63B9C /* BlurView.js */,
				ACBB1F0C1C0502B600A63B9C /* VibrancyView.js */,
			);
			path = src;
			sourceTree = "<group>";
		};
		ACBB1F0D1C0502B600A63B9C /* react-native-facebook-login */ = {
			isa = PBXGroup;
			children = (
				ACBB1F211C0502B600A63B9C /* RCTFBLogin.xcodeproj */,
				ACBB1F101C0502B600A63B9C /* FacebookSDK */,
				ACBB1F151C0502B600A63B9C /* FBLogin.ios.js */,
				ACBB1F1C1C0502B600A63B9C /* RCTFBLogin */,
			);
			name = "react-native-facebook-login";
			path = "../lib/react-native-facebook-login";
			sourceTree = "<group>";
		};
		ACBB1F101C0502B600A63B9C /* FacebookSDK */ = {
			isa = PBXGroup;
			children = (
				ACBB1F111C0502B600A63B9C /* Bolts.framework */,
				ACBB1F121C0502B600A63B9C /* FBSDKCoreKit.framework */,
				ACBB1F131C0502B600A63B9C /* FBSDKLoginKit.framework */,
				ACBB1F141C0502B600A63B9C /* FBSDKShareKit.framework */,
			);
			path = FacebookSDK;
			sourceTree = "<group>";
		};
		ACBB1F1C1C0502B600A63B9C /* RCTFBLogin */ = {
			isa = PBXGroup;
			children = (
				ACBB1F1D1C0502B600A63B9C /* RCTFBLogin.h */,
				ACBB1F1E1C0502B600A63B9C /* RCTFBLogin.m */,
				ACBB1F1F1C0502B600A63B9C /* RCTFBLoginManager.h */,
				ACBB1F201C0502B600A63B9C /* RCTFBLoginManager.m */,
			);
			path = RCTFBLogin;
			sourceTree = "<group>";
		};
		ACBB1F251C0502B600A63B9C /* react-native-file-transfer */ = {
			isa = PBXGroup;
			children = (
				ACBB1F271C0502B600A63B9C /* RCTFileTransfer.m */,
			);
			name = "react-native-file-transfer";
			path = "../lib/react-native-file-transfer";
			sourceTree = "<group>";
		};
		ACBB1F281C0502B600A63B9C /* react-native-keychain */ = {
			isa = PBXGroup;
			children = (
				ACBB1F2C1C0502B600A63B9C /* Enums */,
				ACBB1F341C0502B600A63B9C /* index.ios.js */,
				ACBB1F381C0502B600A63B9C /* RNKeychain.xcodeproj */,
				ACBB1F3B1C0502B600A63B9C /* RNKeychainManager */,
			);
			name = "react-native-keychain";
			path = "../lib/react-native-keychain";
			sourceTree = "<group>";
		};
		ACBB1F2C1C0502B600A63B9C /* Enums */ = {
			isa = PBXGroup;
			children = (
				ACBB1F2D1C0502B600A63B9C /* Accessibility.js */,
				ACBB1F2E1C0502B600A63B9C /* AuthenticationTypes.js */,
				ACBB1F2F1C0502B600A63B9C /* index.js */,
				ACBB1F301C0502B600A63B9C /* KeyClasses.js */,
				ACBB1F311C0502B600A63B9C /* KeyTypes.js */,
				ACBB1F321C0502B600A63B9C /* MatchLimits.js */,
				ACBB1F331C0502B600A63B9C /* Protocols.js */,
			);
			path = Enums;
			sourceTree = "<group>";
		};
		ACBB1F391C0502B600A63B9C /* Products */ = {
			isa = PBXGroup;
			children = (
				ACBB1FB91C0502B600A63B9C /* libRNKeychain.a */,
			);
			name = Products;
			sourceTree = "<group>";
		};
		ACBB1F3B1C0502B600A63B9C /* RNKeychainManager */ = {
			isa = PBXGroup;
			children = (
				ACBB1F3C1C0502B600A63B9C /* RNKeychainManager.h */,
				ACBB1F3D1C0502B600A63B9C /* RNKeychainManager.m */,
			);
			path = RNKeychainManager;
			sourceTree = "<group>";
		};
		ACBB1F3E1C0502B600A63B9C /* react-native-overlay */ = {
			isa = PBXGroup;
			children = (
				ACBB1F3F1C0502B600A63B9C /* Overlay.ios.js */,
				ACBB1F421C0502B600A63B9C /* RNClickThroughWindow.h */,
				ACBB1F431C0502B600A63B9C /* RNClickThroughWindow.m */,
				ACBB1F441C0502B600A63B9C /* RNOverlay.h */,
				ACBB1F451C0502B600A63B9C /* RNOverlay.m */,
				ACBB1F461C0502B600A63B9C /* RNOverlay.xcodeproj */,
				ACBB1F491C0502B600A63B9C /* RNOverlayManager.h */,
				ACBB1F4A1C0502B600A63B9C /* RNOverlayManager.m */,
			);
			name = "react-native-overlay";
			path = "../lib/react-native-overlay";
			sourceTree = "<group>";
		};
		ACBB1F471C0502B600A63B9C /* Products */ = {
			isa = PBXGroup;
			children = (
				ACBB1FBC1C0502B600A63B9C /* libRNOverlay.a */,
			);
			name = Products;
			sourceTree = "<group>";
		};
		ACBB1F4B1C0502B600A63B9C /* react-native-url-handler */ = {
			isa = PBXGroup;
			children = (
				ACBB1F4E1C0502B600A63B9C /* iOS */,
				ACBB1F591C0502B600A63B9C /* UrlHandler.js */,
			);
			name = "react-native-url-handler";
			path = "../lib/react-native-url-handler";
			sourceTree = "<group>";
		};
		ACBB1F4E1C0502B600A63B9C /* iOS */ = {
			isa = PBXGroup;
			children = (
				ACBB1F4F1C0502B600A63B9C /* EXURLHandler */,
				ACBB1F521C0502B600A63B9C /* EXURLHandler.xcodeproj */,
			);
			path = iOS;
			sourceTree = "<group>";
		};
		ACBB1F4F1C0502B600A63B9C /* EXURLHandler */ = {
			isa = PBXGroup;
			children = (
				ACBB1F501C0502B600A63B9C /* EXURLHandler.h */,
				ACBB1F511C0502B600A63B9C /* EXURLHandler.m */,
			);
			path = EXURLHandler;
			sourceTree = "<group>";
		};
		ACBB1F531C0502B600A63B9C /* Products */ = {
			isa = PBXGroup;
			children = (
				ACBB1FAD1C0502B600A63B9C /* libEXURLHandler.a */,
			);
			name = Products;
			sourceTree = "<group>";
		};
		ACBB1FE11C05064200A63B9C /* PushNotificationIOS */ = {
			isa = PBXGroup;
			children = (
				ACBB1FE21C05064200A63B9C /* PushNotificationIOS.js */,
				ACBB1FE31C05064200A63B9C /* RCTPushNotification.xcodeproj */,
				ACBB1FE61C05064300A63B9C /* RCTPushNotificationManager.h */,
				ACBB1FE71C05064300A63B9C /* RCTPushNotificationManager.m */,
			);
			name = PushNotificationIOS;
			path = "../node_modules/react-native/Libraries/PushNotificationIOS";
			sourceTree = "<group>";
		};
		ACBB1FE41C05064200A63B9C /* Products */ = {
			isa = PBXGroup;
			children = (
				ACBB1FEC1C05064300A63B9C /* libRCTPushNotification.a */,
			);
			name = Products;
			sourceTree = "<group>";
		};
		ACBB1FF51C0506F700A63B9C /* Products */ = {
			isa = PBXGroup;
			children = (
				ACBB1FF91C0506F700A63B9C /* libRCTFBLogin.a */,
			);
			name = Products;
			sourceTree = "<group>";
		};
		ACBB202D1C050CF000A63B9C /* Products */ = {
			isa = PBXGroup;
			children = (
				ACBB20441C050CF100A63B9C /* libRCTAddressBook.a */,
				ACBB20461C050CF100A63B9C /* RCTAddressBookTests.xctest */,
			);
			name = Products;
			sourceTree = "<group>";
		};
		ACBB20301C050CF000A63B9C /* Products */ = {
			isa = PBXGroup;
			children = (
				ACBB204C1C050CF100A63B9C /* libRCTCameraRoll.a */,
			);
			name = Products;
			sourceTree = "<group>";
		};
		ACBB20331C050CF000A63B9C /* Products */ = {
			isa = PBXGroup;
			children = (
				ACBB20501C050CF100A63B9C /* libRNAppInfo.a */,
				ACBB20521C050CF100A63B9C /* RNAppInfoTests.xctest */,
			);
			name = Products;
			sourceTree = "<group>";
		};
		ACBB20361C050CF000A63B9C /* Products */ = {
			isa = PBXGroup;
			children = (
				ACBB205E1C050CF100A63B9C /* libRNMessageComposer.a */,
			);
			name = Products;
			sourceTree = "<group>";
		};
		ACBB20391C050CF000A63B9C /* Products */ = {
			isa = PBXGroup;
			children = (
				ACBB20551C050CF100A63B9C /* libRNFS.a */,
			);
			name = Products;
			sourceTree = "<group>";
		};
		ACBB203C1C050CF000A63B9C /* Products */ = {
			isa = PBXGroup;
			children = (
				ACBB20591C050CF100A63B9C /* libRNMail.a */,
				ACBB205B1C050CF100A63B9C /* RNMailTests.xctest */,
			);
			name = Products;
			sourceTree = "<group>";
		};
		ACBB203F1C050CF000A63B9C /* Products */ = {
			isa = PBXGroup;
			children = (
				ACBB20491C050CF100A63B9C /* libRCTCamera.a */,
			);
			name = Products;
			sourceTree = "<group>";
		};
		ACBB20661C050D3D00A63B9C /* react-native-device */ = {
			isa = PBXGroup;
			children = (
				ACBB20691C050D3D00A63B9C /* Device.js */,
				ACBB206A1C050D3D00A63B9C /* DeviceUtil.h */,
				ACBB206B1C050D3D00A63B9C /* DeviceUtil.m */,
			);
			name = "react-native-device";
			path = "../lib/react-native-device";
			sourceTree = "<group>";
		};
		ACBB20A01C05113400A63B9C /* fonts */ = {
			isa = PBXGroup;
			children = (
				ACBB20A11C05113400A63B9C /* Montserrat-Bold.ttf */,
				ACBB20A21C05113400A63B9C /* Montserrat-Regular.otf */,
				ACBB20A31C05113400A63B9C /* omnes-bold-webfont.ttf */,
				ACBB20A41C05113400A63B9C /* omnes-light-webfont.ttf */,
				ACBB20A51C05113400A63B9C /* omnes-medium-webfont.ttf */,
				ACBB20A61C05113400A63B9C /* omnes-regular-webfont.ttf */,
			);
			name = fonts;
			path = ../fonts;
			sourceTree = "<group>";
		};
/* End PBXGroup section */

/* Begin PBXNativeTarget section */
		13B07F861A680F5B00A75B9A /* Trippple */ = {
			isa = PBXNativeTarget;
			buildConfigurationList = 13B07F931A680F5B00A75B9A /* Build configuration list for PBXNativeTarget "Trippple" */;
			buildPhases = (
				13B07F871A680F5B00A75B9A /* Sources */,
				13B07F8C1A680F5B00A75B9A /* Frameworks */,
				13B07F8E1A680F5B00A75B9A /* Resources */,
				00DD1BFF1BD5951E006B06BC /* Bundle React Native code and images */,
			);
			buildRules = (
			);
			dependencies = (
			);
			name = Trippple;
			productName = "Hello World";
			productReference = 13B07F961A680F5B00A75B9A /* Trippple.app */;
			productType = "com.apple.product-type.application";
		};
		ACBB20AD1C051AE100A63B9C /* Tripppletest */ = {
			isa = PBXNativeTarget;
			buildConfigurationList = ACBB20E21C051AE100A63B9C /* Build configuration list for PBXNativeTarget "Tripppletest" */;
			buildPhases = (
				ACBB20AE1C051AE100A63B9C /* Sources */,
				ACBB20C11C051AE100A63B9C /* Frameworks */,
				ACBB20D91C051AE100A63B9C /* Resources */,
				ACBB20E11C051AE100A63B9C /* Bundle React Native code and images */,
			);
			buildRules = (
			);
			dependencies = (
			);
			name = Tripppletest;
			productName = "Hello World";
			productReference = ACBB20E51C051AE100A63B9C /* Tripppletest.app */;
			productType = "com.apple.product-type.application";
		};
/* End PBXNativeTarget section */

/* Begin PBXProject section */
		83CBB9F71A601CBA00E9B192 /* Project object */ = {
			isa = PBXProject;
			attributes = {
				LastUpgradeCheck = 0710;
				ORGANIZATIONNAME = Facebook;
				TargetAttributes = {
					13B07F861A680F5B00A75B9A = {
						DevelopmentTeam = 3D5DY3UN4M;
						SystemCapabilities = {
							com.apple.Push = {
								enabled = 1;
							};
						};
					};
					ACBB20AD1C051AE100A63B9C = {
						DevelopmentTeam = 3D5DY3UN4M;
						SystemCapabilities = {
							com.apple.Push = {
								enabled = 1;
							};
						};
					};
				};
			};
			buildConfigurationList = 83CBB9FA1A601CBA00E9B192 /* Build configuration list for PBXProject "Trippple" */;
			compatibilityVersion = "Xcode 3.2";
			developmentRegion = English;
			hasScannedForEncodings = 0;
			knownRegions = (
				en,
				Base,
			);
			mainGroup = 83CBB9F61A601CBA00E9B192;
			productRefGroup = 83CBBA001A601CBA00E9B192 /* Products */;
			projectDirPath = "";
			projectReferences = (
				{
					ProductGroup = ACBB1F531C0502B600A63B9C /* Products */;
					ProjectRef = ACBB1F521C0502B600A63B9C /* EXURLHandler.xcodeproj */;
				},
				{
					ProductGroup = 00C302A81ABCB8CE00DB3ED1 /* Products */;
					ProjectRef = 00C302A71ABCB8CE00DB3ED1 /* RCTActionSheet.xcodeproj */;
				},
				{
					ProductGroup = ACBB202D1C050CF000A63B9C /* Products */;
					ProjectRef = ACBB202C1C050CF000A63B9C /* RCTAddressBook.xcodeproj */;
				},
				{
					ProductGroup = ACBB203F1C050CF000A63B9C /* Products */;
					ProjectRef = ACBB203E1C050CF000A63B9C /* RCTCamera.xcodeproj */;
				},
				{
					ProductGroup = ACBB20301C050CF000A63B9C /* Products */;
					ProjectRef = ACBB202F1C050CF000A63B9C /* RCTCameraRoll.xcodeproj */;
				},
				{
					ProductGroup = ACBB1FF51C0506F700A63B9C /* Products */;
					ProjectRef = ACBB1F211C0502B600A63B9C /* RCTFBLogin.xcodeproj */;
				},
				{
					ProductGroup = 00C302B61ABCB90400DB3ED1 /* Products */;
					ProjectRef = 00C302B51ABCB90400DB3ED1 /* RCTGeolocation.xcodeproj */;
				},
				{
					ProductGroup = 00C302BC1ABCB91800DB3ED1 /* Products */;
					ProjectRef = 00C302BB1ABCB91800DB3ED1 /* RCTImage.xcodeproj */;
				},
				{
					ProductGroup = 78C398B11ACF4ADC00677621 /* Products */;
					ProjectRef = 78C398B01ACF4ADC00677621 /* RCTLinking.xcodeproj */;
				},
				{
					ProductGroup = 00C302D41ABCB9D200DB3ED1 /* Products */;
					ProjectRef = 00C302D31ABCB9D200DB3ED1 /* RCTNetwork.xcodeproj */;
				},
				{
					ProductGroup = ACBB1ED21C0502B600A63B9C /* Products */;
					ProjectRef = ACBB1ED11C0502B600A63B9C /* RCTOSPermissions.xcodeproj */;
				},
				{
					ProductGroup = ACBB1FE41C05064200A63B9C /* Products */;
					ProjectRef = ACBB1FE31C05064200A63B9C /* RCTPushNotification.xcodeproj */;
				},
				{
					ProductGroup = 139105B71AF99BAD00B5F7CC /* Products */;
					ProjectRef = 139105B61AF99BAD00B5F7CC /* RCTSettings.xcodeproj */;
				},
				{
					ProductGroup = 832341B11AAA6A8300B99B32 /* Products */;
					ProjectRef = 832341B01AAA6A8300B99B32 /* RCTText.xcodeproj */;
				},
				{
					ProductGroup = 00C302E01ABCB9EE00DB3ED1 /* Products */;
					ProjectRef = 00C302DF1ABCB9EE00DB3ED1 /* RCTVibration.xcodeproj */;
				},
				{
					ProductGroup = 139FDEE71B06529A00C62182 /* Products */;
					ProjectRef = 139FDEE61B06529A00C62182 /* RCTWebSocket.xcodeproj */;
				},
				{
					ProductGroup = 146834001AC3E56700842450 /* Products */;
					ProjectRef = 146833FF1AC3E56700842450 /* React.xcodeproj */;
				},
				{
					ProductGroup = ACBB20331C050CF000A63B9C /* Products */;
					ProjectRef = ACBB20321C050CF000A63B9C /* RNAppInfo.xcodeproj */;
				},
				{
					ProductGroup = ACBB20391C050CF000A63B9C /* Products */;
					ProjectRef = ACBB20381C050CF000A63B9C /* RNFS.xcodeproj */;
				},
				{
					ProductGroup = ACBB1F391C0502B600A63B9C /* Products */;
					ProjectRef = ACBB1F381C0502B600A63B9C /* RNKeychain.xcodeproj */;
				},
				{
					ProductGroup = ACBB203C1C050CF000A63B9C /* Products */;
					ProjectRef = ACBB203B1C050CF000A63B9C /* RNMail.xcodeproj */;
				},
				{
					ProductGroup = ACBB20361C050CF000A63B9C /* Products */;
					ProjectRef = ACBB20351C050CF000A63B9C /* RNMessageComposer.xcodeproj */;
				},
				{
					ProductGroup = ACBB1F471C0502B600A63B9C /* Products */;
					ProjectRef = ACBB1F461C0502B600A63B9C /* RNOverlay.xcodeproj */;
				},
			);
			projectRoot = "";
			targets = (
				13B07F861A680F5B00A75B9A /* Trippple */,
				ACBB20AD1C051AE100A63B9C /* Tripppletest */,
			);
		};
/* End PBXProject section */

/* Begin PBXReferenceProxy section */
		00C302AC1ABCB8CE00DB3ED1 /* libRCTActionSheet.a */ = {
			isa = PBXReferenceProxy;
			fileType = archive.ar;
			path = libRCTActionSheet.a;
			remoteRef = 00C302AB1ABCB8CE00DB3ED1 /* PBXContainerItemProxy */;
			sourceTree = BUILT_PRODUCTS_DIR;
		};
		00C302BA1ABCB90400DB3ED1 /* libRCTGeolocation.a */ = {
			isa = PBXReferenceProxy;
			fileType = archive.ar;
			path = libRCTGeolocation.a;
			remoteRef = 00C302B91ABCB90400DB3ED1 /* PBXContainerItemProxy */;
			sourceTree = BUILT_PRODUCTS_DIR;
		};
		00C302C01ABCB91800DB3ED1 /* libRCTImage.a */ = {
			isa = PBXReferenceProxy;
			fileType = archive.ar;
			path = libRCTImage.a;
			remoteRef = 00C302BF1ABCB91800DB3ED1 /* PBXContainerItemProxy */;
			sourceTree = BUILT_PRODUCTS_DIR;
		};
		00C302DC1ABCB9D200DB3ED1 /* libRCTNetwork.a */ = {
			isa = PBXReferenceProxy;
			fileType = archive.ar;
			path = libRCTNetwork.a;
			remoteRef = 00C302DB1ABCB9D200DB3ED1 /* PBXContainerItemProxy */;
			sourceTree = BUILT_PRODUCTS_DIR;
		};
		00C302E41ABCB9EE00DB3ED1 /* libRCTVibration.a */ = {
			isa = PBXReferenceProxy;
			fileType = archive.ar;
			path = libRCTVibration.a;
			remoteRef = 00C302E31ABCB9EE00DB3ED1 /* PBXContainerItemProxy */;
			sourceTree = BUILT_PRODUCTS_DIR;
		};
		139105C11AF99BAD00B5F7CC /* libRCTSettings.a */ = {
			isa = PBXReferenceProxy;
			fileType = archive.ar;
			path = libRCTSettings.a;
			remoteRef = 139105C01AF99BAD00B5F7CC /* PBXContainerItemProxy */;
			sourceTree = BUILT_PRODUCTS_DIR;
		};
		139FDEF41B06529B00C62182 /* libRCTWebSocket.a */ = {
			isa = PBXReferenceProxy;
			fileType = archive.ar;
			path = libRCTWebSocket.a;
			remoteRef = 139FDEF31B06529B00C62182 /* PBXContainerItemProxy */;
			sourceTree = BUILT_PRODUCTS_DIR;
		};
		146834041AC3E56700842450 /* libReact.a */ = {
			isa = PBXReferenceProxy;
			fileType = archive.ar;
			path = libReact.a;
			remoteRef = 146834031AC3E56700842450 /* PBXContainerItemProxy */;
			sourceTree = BUILT_PRODUCTS_DIR;
		};
		78C398B91ACF4ADC00677621 /* libRCTLinking.a */ = {
			isa = PBXReferenceProxy;
			fileType = archive.ar;
			path = libRCTLinking.a;
			remoteRef = 78C398B81ACF4ADC00677621 /* PBXContainerItemProxy */;
			sourceTree = BUILT_PRODUCTS_DIR;
		};
		832341B51AAA6A8300B99B32 /* libRCTText.a */ = {
			isa = PBXReferenceProxy;
			fileType = archive.ar;
			path = libRCTText.a;
			remoteRef = 832341B41AAA6A8300B99B32 /* PBXContainerItemProxy */;
			sourceTree = BUILT_PRODUCTS_DIR;
		};
		ACBB1FAD1C0502B600A63B9C /* libEXURLHandler.a */ = {
			isa = PBXReferenceProxy;
			fileType = archive.ar;
			path = libEXURLHandler.a;
			remoteRef = ACBB1FAC1C0502B600A63B9C /* PBXContainerItemProxy */;
			sourceTree = BUILT_PRODUCTS_DIR;
		};
		ACBB1FB61C0502B600A63B9C /* libRCTOSPermissions copy.a */ = {
			isa = PBXReferenceProxy;
			fileType = archive.ar;
			path = "libRCTOSPermissions copy.a";
			remoteRef = ACBB1FB51C0502B600A63B9C /* PBXContainerItemProxy */;
			sourceTree = BUILT_PRODUCTS_DIR;
		};
		ACBB1FB91C0502B600A63B9C /* libRNKeychain.a */ = {
			isa = PBXReferenceProxy;
			fileType = archive.ar;
			path = libRNKeychain.a;
			remoteRef = ACBB1FB81C0502B600A63B9C /* PBXContainerItemProxy */;
			sourceTree = BUILT_PRODUCTS_DIR;
		};
		ACBB1FBC1C0502B600A63B9C /* libRNOverlay.a */ = {
			isa = PBXReferenceProxy;
			fileType = archive.ar;
			path = libRNOverlay.a;
			remoteRef = ACBB1FBB1C0502B600A63B9C /* PBXContainerItemProxy */;
			sourceTree = BUILT_PRODUCTS_DIR;
		};
		ACBB1FEC1C05064300A63B9C /* libRCTPushNotification.a */ = {
			isa = PBXReferenceProxy;
			fileType = archive.ar;
			path = libRCTPushNotification.a;
			remoteRef = ACBB1FEB1C05064300A63B9C /* PBXContainerItemProxy */;
			sourceTree = BUILT_PRODUCTS_DIR;
		};
		ACBB1FF91C0506F700A63B9C /* libRCTFBLogin.a */ = {
			isa = PBXReferenceProxy;
			fileType = archive.ar;
			path = libRCTFBLogin.a;
			remoteRef = ACBB1FF81C0506F700A63B9C /* PBXContainerItemProxy */;
			sourceTree = BUILT_PRODUCTS_DIR;
		};
		ACBB20441C050CF100A63B9C /* libRCTAddressBook.a */ = {
			isa = PBXReferenceProxy;
			fileType = archive.ar;
			path = libRCTAddressBook.a;
			remoteRef = ACBB20431C050CF100A63B9C /* PBXContainerItemProxy */;
			sourceTree = BUILT_PRODUCTS_DIR;
		};
		ACBB20461C050CF100A63B9C /* RCTAddressBookTests.xctest */ = {
			isa = PBXReferenceProxy;
			fileType = wrapper.cfbundle;
			path = RCTAddressBookTests.xctest;
			remoteRef = ACBB20451C050CF100A63B9C /* PBXContainerItemProxy */;
			sourceTree = BUILT_PRODUCTS_DIR;
		};
		ACBB20491C050CF100A63B9C /* libRCTCamera.a */ = {
			isa = PBXReferenceProxy;
			fileType = archive.ar;
			path = libRCTCamera.a;
			remoteRef = ACBB20481C050CF100A63B9C /* PBXContainerItemProxy */;
			sourceTree = BUILT_PRODUCTS_DIR;
		};
		ACBB204C1C050CF100A63B9C /* libRCTCameraRoll.a */ = {
			isa = PBXReferenceProxy;
			fileType = archive.ar;
			path = libRCTCameraRoll.a;
			remoteRef = ACBB204B1C050CF100A63B9C /* PBXContainerItemProxy */;
			sourceTree = BUILT_PRODUCTS_DIR;
		};
		ACBB20501C050CF100A63B9C /* libRNAppInfo.a */ = {
			isa = PBXReferenceProxy;
			fileType = archive.ar;
			path = libRNAppInfo.a;
			remoteRef = ACBB204F1C050CF100A63B9C /* PBXContainerItemProxy */;
			sourceTree = BUILT_PRODUCTS_DIR;
		};
		ACBB20521C050CF100A63B9C /* RNAppInfoTests.xctest */ = {
			isa = PBXReferenceProxy;
			fileType = wrapper.cfbundle;
			path = RNAppInfoTests.xctest;
			remoteRef = ACBB20511C050CF100A63B9C /* PBXContainerItemProxy */;
			sourceTree = BUILT_PRODUCTS_DIR;
		};
		ACBB20551C050CF100A63B9C /* libRNFS.a */ = {
			isa = PBXReferenceProxy;
			fileType = archive.ar;
			path = libRNFS.a;
			remoteRef = ACBB20541C050CF100A63B9C /* PBXContainerItemProxy */;
			sourceTree = BUILT_PRODUCTS_DIR;
		};
		ACBB20591C050CF100A63B9C /* libRNMail.a */ = {
			isa = PBXReferenceProxy;
			fileType = archive.ar;
			path = libRNMail.a;
			remoteRef = ACBB20581C050CF100A63B9C /* PBXContainerItemProxy */;
			sourceTree = BUILT_PRODUCTS_DIR;
		};
		ACBB205B1C050CF100A63B9C /* RNMailTests.xctest */ = {
			isa = PBXReferenceProxy;
			fileType = wrapper.cfbundle;
			path = RNMailTests.xctest;
			remoteRef = ACBB205A1C050CF100A63B9C /* PBXContainerItemProxy */;
			sourceTree = BUILT_PRODUCTS_DIR;
		};
		ACBB205E1C050CF100A63B9C /* libRNMessageComposer.a */ = {
			isa = PBXReferenceProxy;
			fileType = archive.ar;
			path = libRNMessageComposer.a;
			remoteRef = ACBB205D1C050CF100A63B9C /* PBXContainerItemProxy */;
			sourceTree = BUILT_PRODUCTS_DIR;
		};
/* End PBXReferenceProxy section */

/* Begin PBXResourcesBuildPhase section */
		13B07F8E1A680F5B00A75B9A /* Resources */ = {
			isa = PBXResourcesBuildPhase;
			buildActionMask = 2147483647;
			files = (
				ACBB20A91C05113400A63B9C /* omnes-bold-webfont.ttf in Resources */,
				ACBB20A71C05113400A63B9C /* Montserrat-Bold.ttf in Resources */,
				ACBB20AB1C05113400A63B9C /* omnes-medium-webfont.ttf in Resources */,
				ACBB20AA1C05113400A63B9C /* omnes-light-webfont.ttf in Resources */,
				ACBB20AC1C05113400A63B9C /* omnes-regular-webfont.ttf in Resources */,
				ACBB1FD41C05041600A63B9C /* Images.xcassets in Resources */,
				ACBB20A81C05113400A63B9C /* Montserrat-Regular.otf in Resources */,
			);
			runOnlyForDeploymentPostprocessing = 0;
		};
		ACBB20D91C051AE100A63B9C /* Resources */ = {
			isa = PBXResourcesBuildPhase;
			buildActionMask = 2147483647;
			files = (
				ACBB20DA1C051AE100A63B9C /* omnes-bold-webfont.ttf in Resources */,
				ACBB20DB1C051AE100A63B9C /* Montserrat-Bold.ttf in Resources */,
				ACBB20DC1C051AE100A63B9C /* omnes-medium-webfont.ttf in Resources */,
				ACBB20DD1C051AE100A63B9C /* omnes-light-webfont.ttf in Resources */,
				ACBB20DE1C051AE100A63B9C /* omnes-regular-webfont.ttf in Resources */,
				ACBB20DF1C051AE100A63B9C /* Images.xcassets in Resources */,
				ACBB20E01C051AE100A63B9C /* Montserrat-Regular.otf in Resources */,
			);
			runOnlyForDeploymentPostprocessing = 0;
		};
/* End PBXResourcesBuildPhase section */

/* Begin PBXShellScriptBuildPhase section */
		00DD1BFF1BD5951E006B06BC /* Bundle React Native code and images */ = {
			isa = PBXShellScriptBuildPhase;
			buildActionMask = 2147483647;
			files = (
			);
			inputPaths = (
			);
			name = "Bundle React Native code and images";
			outputPaths = (
			);
			runOnlyForDeploymentPostprocessing = 0;
			shellPath = /bin/sh;
			shellScript = "../node_modules/react-native/packager/react-native-xcode.sh";
		};
		ACBB20E11C051AE100A63B9C /* Bundle React Native code and images */ = {
			isa = PBXShellScriptBuildPhase;
			buildActionMask = 12;
			files = (
			);
			inputPaths = (
			);
			name = "Bundle React Native code and images";
			outputPaths = (
			);
			runOnlyForDeploymentPostprocessing = 0;
			shellPath = /bin/sh;
			shellScript = "../node_modules/react-native/packager/react-native-xcode.sh";
		};
/* End PBXShellScriptBuildPhase section */

/* Begin PBXSourcesBuildPhase section */
		13B07F871A680F5B00A75B9A /* Sources */ = {
			isa = PBXSourcesBuildPhase;
			buildActionMask = 2147483647;
			files = (
				ACBB207E1C050DAF00A63B9C /* RNClickThroughWindow.m in Sources */,
				ACBB20741C050D5F00A63B9C /* RCTFileTransfer.m in Sources */,
				ACBB207B1C050D9900A63B9C /* RCTFBLogin.m in Sources */,
				ACBB20781C050D8F00A63B9C /* BlurViewManager.m in Sources */,
				ACBB207D1C050DA300A63B9C /* RNKeychainManager.m in Sources */,
				ACBB202B1C050C6000A63B9C /* UIColor+TRColors.m in Sources */,
				ACBB20751C050D6D00A63B9C /* ospermissions.m in Sources */,
				ACBB20791C050D8F00A63B9C /* VibrancyView.m in Sources */,
				ACBB207F1C050DAF00A63B9C /* RNOverlay.m in Sources */,
				ACBB207A1C050D8F00A63B9C /* VibrancyViewManager.m in Sources */,
				ACBB20711C050D3D00A63B9C /* DeviceUtil.m in Sources */,
				ACBB20281C050C1900A63B9C /* main.m in Sources */,
				ACBB207C1C050D9900A63B9C /* RCTFBLoginManager.m in Sources */,
				ACBB20771C050D8F00A63B9C /* BlurView.m in Sources */,
				ACBB20761C050D7400A63B9C /* RCTPushNotificationManager.m in Sources */,
				ACBB20801C050DAF00A63B9C /* RNOverlayManager.m in Sources */,
				ACBB20271C050C1100A63B9C /* AppDelegate.m in Sources */,
				ACBB20811C050DB600A63B9C /* EXURLHandler.m in Sources */,
			);
			runOnlyForDeploymentPostprocessing = 0;
		};
		ACBB20AE1C051AE100A63B9C /* Sources */ = {
			isa = PBXSourcesBuildPhase;
			buildActionMask = 2147483647;
			files = (
				ACBB20AF1C051AE100A63B9C /* RNClickThroughWindow.m in Sources */,
				ACBB20B01C051AE100A63B9C /* RCTFileTransfer.m in Sources */,
				ACBB20B11C051AE100A63B9C /* RCTFBLogin.m in Sources */,
				ACBB20B21C051AE100A63B9C /* BlurViewManager.m in Sources */,
				ACBB20B31C051AE100A63B9C /* RNKeychainManager.m in Sources */,
				ACBB20B41C051AE100A63B9C /* UIColor+TRColors.m in Sources */,
				ACBB20B51C051AE100A63B9C /* ospermissions.m in Sources */,
				ACBB20B61C051AE100A63B9C /* VibrancyView.m in Sources */,
				ACBB20B71C051AE100A63B9C /* RNOverlay.m in Sources */,
				ACBB20B81C051AE100A63B9C /* VibrancyViewManager.m in Sources */,
				ACBB20B91C051AE100A63B9C /* DeviceUtil.m in Sources */,
				ACBB20BA1C051AE100A63B9C /* main.m in Sources */,
				ACBB20BB1C051AE100A63B9C /* RCTFBLoginManager.m in Sources */,
				ACBB20BC1C051AE100A63B9C /* BlurView.m in Sources */,
				ACBB20BD1C051AE100A63B9C /* RCTPushNotificationManager.m in Sources */,
				ACBB20BE1C051AE100A63B9C /* RNOverlayManager.m in Sources */,
				ACBB20BF1C051AE100A63B9C /* AppDelegate.m in Sources */,
				ACBB20C01C051AE100A63B9C /* EXURLHandler.m in Sources */,
			);
			runOnlyForDeploymentPostprocessing = 0;
		};
/* End PBXSourcesBuildPhase section */

/* Begin XCBuildConfiguration section */
		13B07F941A680F5B00A75B9A /* Debug */ = {
			isa = XCBuildConfiguration;
			buildSettings = {
				ASSETCATALOG_COMPILER_APPICON_NAME = NewAppIcon;
				ASSETCATALOG_COMPILER_LAUNCHIMAGE_NAME = LaunchImage;
				CODE_SIGN_IDENTITY = "iPhone Developer";
				"CODE_SIGN_IDENTITY[sdk=iphoneos*]" = "iPhone Developer";
				DEAD_CODE_STRIPPING = NO;
				FRAMEWORK_SEARCH_PATHS = (
					"$(SRCROOT)/../lib/**",
					"$(SRCROOT)/../node_modules/react-native/React/**",
				);
				HEADER_SEARCH_PATHS = (
					"$(inherited)",
					/Applications/Xcode.app/Contents/Developer/Toolchains/XcodeDefault.xctoolchain/usr/include,
					"$(SRCROOT)/../node_modules/react-native/React/**",
					"$(SRCROOT)/../lib/**",
				);
				INFOPLIST_FILE = Native/Info.plist;
				LD_RUNPATH_SEARCH_PATHS = "$(inherited) @executable_path/Frameworks";
				LIBRARY_SEARCH_PATHS = (
					"$(inherited)",
					"$(PROJECT_DIR)/Build/Products/Debug-iphoneos",
				);
				OTHER_LDFLAGS = "-ObjC";
				PRODUCT_BUNDLE_IDENTIFIER = co.trippple;
				PRODUCT_NAME = Trippple;
				PROVISIONING_PROFILE = "9af9cf0e-6d10-458b-ac6e-19b205a64deb";
			};
			name = Debug;
		};
		13B07F951A680F5B00A75B9A /* Release */ = {
			isa = XCBuildConfiguration;
			buildSettings = {
				ASSETCATALOG_COMPILER_APPICON_NAME = NewAppIcon;
				ASSETCATALOG_COMPILER_LAUNCHIMAGE_NAME = LaunchImage;
				CODE_SIGN_IDENTITY = "iPhone Developer";
				"CODE_SIGN_IDENTITY[sdk=iphoneos*]" = "iPhone Developer";
				FRAMEWORK_SEARCH_PATHS = (
					"$(SRCROOT)/../lib/**",
					"$(SRCROOT)/../node_modules/react-native/React/**",
				);
				HEADER_SEARCH_PATHS = (
					"$(inherited)",
					/Applications/Xcode.app/Contents/Developer/Toolchains/XcodeDefault.xctoolchain/usr/include,
					"$(SRCROOT)/../node_modules/react-native/React/**",
					"$(SRCROOT)/../lib/**",
				);
				INFOPLIST_FILE = Native/Info.plist;
				LD_RUNPATH_SEARCH_PATHS = "$(inherited) @executable_path/Frameworks";
				LIBRARY_SEARCH_PATHS = (
					"$(inherited)",
					"$(PROJECT_DIR)/Build/Products/Debug-iphoneos",
				);
				OTHER_LDFLAGS = "-ObjC";
				PRODUCT_BUNDLE_IDENTIFIER = co.trippple;
				PRODUCT_NAME = Trippple;
				PROVISIONING_PROFILE = "9af9cf0e-6d10-458b-ac6e-19b205a64deb";
			};
			name = Release;
		};
		83CBBA201A601CBA00E9B192 /* Debug */ = {
			isa = XCBuildConfiguration;
			buildSettings = {
				ALWAYS_SEARCH_USER_PATHS = NO;
				CLANG_CXX_LANGUAGE_STANDARD = "gnu++0x";
				CLANG_CXX_LIBRARY = "libc++";
				CLANG_ENABLE_MODULES = YES;
				CLANG_ENABLE_OBJC_ARC = YES;
				CLANG_WARN_BOOL_CONVERSION = YES;
				CLANG_WARN_CONSTANT_CONVERSION = YES;
				CLANG_WARN_DIRECT_OBJC_ISA_USAGE = YES_ERROR;
				CLANG_WARN_EMPTY_BODY = YES;
				CLANG_WARN_ENUM_CONVERSION = YES;
				CLANG_WARN_INT_CONVERSION = YES;
				CLANG_WARN_OBJC_ROOT_CLASS = YES_ERROR;
				CLANG_WARN_UNREACHABLE_CODE = YES;
				CLANG_WARN__DUPLICATE_METHOD_MATCH = YES;
				"CODE_SIGN_IDENTITY[sdk=iphoneos*]" = "iPhone Developer";
				COPY_PHASE_STRIP = NO;
				ENABLE_STRICT_OBJC_MSGSEND = YES;
				ENABLE_TESTABILITY = YES;
				GCC_C_LANGUAGE_STANDARD = gnu99;
				GCC_DYNAMIC_NO_PIC = NO;
				GCC_OPTIMIZATION_LEVEL = 0;
				GCC_PREPROCESSOR_DEFINITIONS = (
					"DEBUG=1",
					"$(inherited)",
				);
				GCC_SYMBOLS_PRIVATE_EXTERN = NO;
				GCC_WARN_64_TO_32_BIT_CONVERSION = YES;
				GCC_WARN_ABOUT_RETURN_TYPE = YES_ERROR;
				GCC_WARN_UNDECLARED_SELECTOR = YES;
				GCC_WARN_UNINITIALIZED_AUTOS = YES_AGGRESSIVE;
				GCC_WARN_UNUSED_FUNCTION = YES;
				GCC_WARN_UNUSED_VARIABLE = YES;
				HEADER_SEARCH_PATHS = (
					"$(inherited)",
					/Applications/Xcode.app/Contents/Developer/Toolchains/XcodeDefault.xctoolchain/usr/include,
					"$(SRCROOT)/../node_modules/react-native/React/**",
				);
				IPHONEOS_DEPLOYMENT_TARGET = 7.0;
				MTL_ENABLE_DEBUG_INFO = YES;
				ONLY_ACTIVE_ARCH = YES;
				SDKROOT = iphoneos;
			};
			name = Debug;
		};
		83CBBA211A601CBA00E9B192 /* Release */ = {
			isa = XCBuildConfiguration;
			buildSettings = {
				ALWAYS_SEARCH_USER_PATHS = NO;
				CLANG_CXX_LANGUAGE_STANDARD = "gnu++0x";
				CLANG_CXX_LIBRARY = "libc++";
				CLANG_ENABLE_MODULES = YES;
				CLANG_ENABLE_OBJC_ARC = YES;
				CLANG_WARN_BOOL_CONVERSION = YES;
				CLANG_WARN_CONSTANT_CONVERSION = YES;
				CLANG_WARN_DIRECT_OBJC_ISA_USAGE = YES_ERROR;
				CLANG_WARN_EMPTY_BODY = YES;
				CLANG_WARN_ENUM_CONVERSION = YES;
				CLANG_WARN_INT_CONVERSION = YES;
				CLANG_WARN_OBJC_ROOT_CLASS = YES_ERROR;
				CLANG_WARN_UNREACHABLE_CODE = YES;
				CLANG_WARN__DUPLICATE_METHOD_MATCH = YES;
				"CODE_SIGN_IDENTITY[sdk=iphoneos*]" = "iPhone Distribution: Trippple LLC (3D5DY3UN4M)";
				COPY_PHASE_STRIP = YES;
				ENABLE_NS_ASSERTIONS = NO;
				ENABLE_STRICT_OBJC_MSGSEND = YES;
				GCC_C_LANGUAGE_STANDARD = gnu99;
				GCC_WARN_64_TO_32_BIT_CONVERSION = YES;
				GCC_WARN_ABOUT_RETURN_TYPE = YES_ERROR;
				GCC_WARN_UNDECLARED_SELECTOR = YES;
				GCC_WARN_UNINITIALIZED_AUTOS = YES_AGGRESSIVE;
				GCC_WARN_UNUSED_FUNCTION = YES;
				GCC_WARN_UNUSED_VARIABLE = YES;
				HEADER_SEARCH_PATHS = (
					"$(inherited)",
					/Applications/Xcode.app/Contents/Developer/Toolchains/XcodeDefault.xctoolchain/usr/include,
					"$(SRCROOT)/../node_modules/react-native/React/**",
				);
				IPHONEOS_DEPLOYMENT_TARGET = 7.0;
				MTL_ENABLE_DEBUG_INFO = NO;
				SDKROOT = iphoneos;
				VALIDATE_PRODUCT = YES;
			};
			name = Release;
		};
		ACBB20E31C051AE100A63B9C /* Debug */ = {
			isa = XCBuildConfiguration;
			buildSettings = {
				ASSETCATALOG_COMPILER_APPICON_NAME = NewAppIcon;
				ASSETCATALOG_COMPILER_LAUNCHIMAGE_NAME = LaunchImage;
				CODE_SIGN_IDENTITY = "iPhone Distribution: Trippple LLC";
				"CODE_SIGN_IDENTITY[sdk=iphoneos*]" = "iPhone Distribution: Trippple LLC";
				DEAD_CODE_STRIPPING = NO;
				FRAMEWORK_SEARCH_PATHS = (
					"$(SRCROOT)/../lib/**",
					"$(SRCROOT)/../node_modules/react-native/React/**",
				);
				HEADER_SEARCH_PATHS = (
					"$(inherited)",
					/Applications/Xcode.app/Contents/Developer/Toolchains/XcodeDefault.xctoolchain/usr/include,
					"$(SRCROOT)/../node_modules/react-native/React/**",
					"$(SRCROOT)/../lib/**",
				);
				INFOPLIST_FILE = Tripppletest.plist;
				LD_RUNPATH_SEARCH_PATHS = "$(inherited) @executable_path/Frameworks";
				LIBRARY_SEARCH_PATHS = (
					"$(inherited)",
					"$(PROJECT_DIR)/Build/Products/Debug-iphoneos",
				);
				OTHER_LDFLAGS = "-ObjC";
				PRODUCT_BUNDLE_IDENTIFIER = tripppletest;
				PRODUCT_NAME = "$(TARGET_NAME)";
				PROVISIONING_PROFILE = "90789622-d9e7-4849-881e-ea15ff39169e";
			};
			name = Debug;
		};
		ACBB20E41C051AE100A63B9C /* Release */ = {
			isa = XCBuildConfiguration;
			buildSettings = {
				ASSETCATALOG_COMPILER_APPICON_NAME = NewAppIcon;
				ASSETCATALOG_COMPILER_LAUNCHIMAGE_NAME = LaunchImage;
				CODE_SIGN_IDENTITY = "iPhone Distribution: Trippple LLC";
				"CODE_SIGN_IDENTITY[sdk=iphoneos*]" = "iPhone Distribution: Trippple LLC";
				FRAMEWORK_SEARCH_PATHS = (
					"$(SRCROOT)/../lib/**",
					"$(SRCROOT)/../node_modules/react-native/React/**",
				);
				HEADER_SEARCH_PATHS = (
					"$(inherited)",
					/Applications/Xcode.app/Contents/Developer/Toolchains/XcodeDefault.xctoolchain/usr/include,
					"$(SRCROOT)/../node_modules/react-native/React/**",
					"$(SRCROOT)/../lib/**",
				);
				INFOPLIST_FILE = Tripppletest.plist;
				LD_RUNPATH_SEARCH_PATHS = "$(inherited) @executable_path/Frameworks";
				LIBRARY_SEARCH_PATHS = (
					"$(inherited)",
					"$(PROJECT_DIR)/Build/Products/Debug-iphoneos",
				);
				OTHER_LDFLAGS = "-ObjC";
				PRODUCT_BUNDLE_IDENTIFIER = tripppletest;
				PRODUCT_NAME = "$(TARGET_NAME)";
				PROVISIONING_PROFILE = "90789622-d9e7-4849-881e-ea15ff39169e";
			};
			name = Release;
		};
/* End XCBuildConfiguration section */

/* Begin XCConfigurationList section */
		13B07F931A680F5B00A75B9A /* Build configuration list for PBXNativeTarget "Trippple" */ = {
			isa = XCConfigurationList;
			buildConfigurations = (
				13B07F941A680F5B00A75B9A /* Debug */,
				13B07F951A680F5B00A75B9A /* Release */,
			);
			defaultConfigurationIsVisible = 0;
			defaultConfigurationName = Release;
		};
		83CBB9FA1A601CBA00E9B192 /* Build configuration list for PBXProject "Trippple" */ = {
			isa = XCConfigurationList;
			buildConfigurations = (
				83CBBA201A601CBA00E9B192 /* Debug */,
				83CBBA211A601CBA00E9B192 /* Release */,
			);
			defaultConfigurationIsVisible = 0;
			defaultConfigurationName = Release;
		};
		ACBB20E21C051AE100A63B9C /* Build configuration list for PBXNativeTarget "Tripppletest" */ = {
			isa = XCConfigurationList;
			buildConfigurations = (
				ACBB20E31C051AE100A63B9C /* Debug */,
				ACBB20E41C051AE100A63B9C /* Release */,
			);
			defaultConfigurationIsVisible = 0;
			defaultConfigurationName = Release;
		};
/* End XCConfigurationList section */
	};
	rootObject = 83CBB9F71A601CBA00E9B192 /* Project object */;
}
