PODS:
  - Crashlytics (3.7.0):
    - Fabric (~> 1.6.3)
  - Fabric (1.6.7)
  - HotlineSDK (1.0.13)
  - Mixpanel (2.9.7):
    - Mixpanel/Mixpanel (= 2.9.7)
  - Mixpanel/Mixpanel (2.9.7)
  - NewRelicAgent (5.4.1)

DEPENDENCIES:
  - Crashlytics
  - Fabric
  - HotlineSDK (= 1.0.13)
  - Mixpanel
  - NewRelicAgent

SPEC CHECKSUMS:
  Crashlytics: c3a2333dea9e2733d2777f730910321fc9e25c0d
  Fabric: caf7580c725e64db144f610ac65cd60956911dc7
  HotlineSDK: 519b9ee1c5e87499a0798e6663f7d13907b0bd03
  Mixpanel: 511b829df757acc1c15d54e50342e85e6023d64d
  NewRelicAgent: c85f94358d6e02761cae6707364c4402a352a08f

PODFILE CHECKSUM: b9258fd2614d52f9007539135c944610553f9f3d

COCOAPODS: 1.0.1
